// !$*UTF8*$!
{
	archiveVersion = 1;
	classes = {
	};
	objectVersion = 56;
	objects = {

/* Begin PBXBuildFile section */
		2AC766D1DBED42F51E9BF933 /* Pods_coin_list_ios.framework in Frameworks */ = {isa = PBXBuildFile; fileRef = 8E1483675CEF8354C2B1A93B /* Pods_coin_list_ios.framework */; };
		81C376809CD8C92DA9B6D5BF /* Pods_coin_list_ios_coin_list_iosUITests.framework in Frameworks */ = {isa = PBXBuildFile; fileRef = C1DA2482A358EE721DF5B396 /* Pods_coin_list_ios_coin_list_iosUITests.framework */; };
		B88D77D54FA761D67CB75890 /* Pods_coin_list_iosTests.framework in Frameworks */ = {isa = PBXBuildFile; fileRef = 47485BF0AF4AF2D6B4A065F5 /* Pods_coin_list_iosTests.framework */; };
		CE9BC6D22C1416400047635D /* AppDelegate.swift in Sources */ = {isa = PBXBuildFile; fileRef = CE9BC6D12C1416400047635D /* AppDelegate.swift */; };
		CE9BC6D42C1416400047635D /* SceneDelegate.swift in Sources */ = {isa = PBXBuildFile; fileRef = CE9BC6D32C1416400047635D /* SceneDelegate.swift */; };
		CE9BC6D62C1416400047635D /* ViewController.swift in Sources */ = {isa = PBXBuildFile; fileRef = CE9BC6D52C1416400047635D /* ViewController.swift */; };
		CE9BC6D92C1416400047635D /* Main.storyboard in Resources */ = {isa = PBXBuildFile; fileRef = CE9BC6D72C1416400047635D /* Main.storyboard */; };
		CE9BC6DB2C1416410047635D /* Assets.xcassets in Resources */ = {isa = PBXBuildFile; fileRef = CE9BC6DA2C1416410047635D /* Assets.xcassets */; };
		CE9BC6DE2C1416420047635D /* LaunchScreen.storyboard in Resources */ = {isa = PBXBuildFile; fileRef = CE9BC6DC2C1416420047635D /* LaunchScreen.storyboard */; };
		CE9BC6E92C1416420047635D /* coin_list_iosTests.swift in Sources */ = {isa = PBXBuildFile; fileRef = CE9BC6E82C1416420047635D /* coin_list_iosTests.swift */; };
		CE9BC6F32C1416420047635D /* coin_list_iosUITests.swift in Sources */ = {isa = PBXBuildFile; fileRef = CE9BC6F22C1416420047635D /* coin_list_iosUITests.swift */; };
		CE9BC6F52C1416420047635D /* coin_list_iosUITestsLaunchTests.swift in Sources */ = {isa = PBXBuildFile; fileRef = CE9BC6F42C1416420047635D /* coin_list_iosUITestsLaunchTests.swift */; };
/* End PBXBuildFile section */

/* Begin PBXContainerItemProxy section */
		CE9BC6E52C1416420047635D /* PBXContainerItemProxy */ = {
			isa = PBXContainerItemProxy;
			containerPortal = CE9BC6C62C1416400047635D /* Project object */;
			proxyType = 1;
			remoteGlobalIDString = CE9BC6CD2C1416400047635D;
			remoteInfo = "coin-list-ios";
		};
		CE9BC6EF2C1416420047635D /* PBXContainerItemProxy */ = {
			isa = PBXContainerItemProxy;
			containerPortal = CE9BC6C62C1416400047635D /* Project object */;
			proxyType = 1;
			remoteGlobalIDString = CE9BC6CD2C1416400047635D;
			remoteInfo = "coin-list-ios";
		};
/* End PBXContainerItemProxy section */

/* Begin PBXFileReference section */
		2470465CA8620168AF1DB9E1 /* Pods-coin-list-iosTests.release.xcconfig */ = {isa = PBXFileReference; includeInIndex = 1; lastKnownFileType = text.xcconfig; name = "Pods-coin-list-iosTests.release.xcconfig"; path = "Target Support Files/Pods-coin-list-iosTests/Pods-coin-list-iosTests.release.xcconfig"; sourceTree = "<group>"; };
		47485BF0AF4AF2D6B4A065F5 /* Pods_coin_list_iosTests.framework */ = {isa = PBXFileReference; explicitFileType = wrapper.framework; includeInIndex = 0; path = Pods_coin_list_iosTests.framework; sourceTree = BUILT_PRODUCTS_DIR; };
		6D01C135C237541424DA6625 /* Pods-coin-list-ios-coin-list-iosUITests.debug.xcconfig */ = {isa = PBXFileReference; includeInIndex = 1; lastKnownFileType = text.xcconfig; name = "Pods-coin-list-ios-coin-list-iosUITests.debug.xcconfig"; path = "Target Support Files/Pods-coin-list-ios-coin-list-iosUITests/Pods-coin-list-ios-coin-list-iosUITests.debug.xcconfig"; sourceTree = "<group>"; };
		8E1483675CEF8354C2B1A93B /* Pods_coin_list_ios.framework */ = {isa = PBXFileReference; explicitFileType = wrapper.framework; includeInIndex = 0; path = Pods_coin_list_ios.framework; sourceTree = BUILT_PRODUCTS_DIR; };
		B32BBD8893181AEB97E3752A /* Pods-coin-list-ios.release.xcconfig */ = {isa = PBXFileReference; includeInIndex = 1; lastKnownFileType = text.xcconfig; name = "Pods-coin-list-ios.release.xcconfig"; path = "Target Support Files/Pods-coin-list-ios/Pods-coin-list-ios.release.xcconfig"; sourceTree = "<group>"; };
		C1DA2482A358EE721DF5B396 /* Pods_coin_list_ios_coin_list_iosUITests.framework */ = {isa = PBXFileReference; explicitFileType = wrapper.framework; includeInIndex = 0; path = Pods_coin_list_ios_coin_list_iosUITests.framework; sourceTree = BUILT_PRODUCTS_DIR; };
		C379016387CE937FC2BAA905 /* Pods-coin-list-ios.debug.xcconfig */ = {isa = PBXFileReference; includeInIndex = 1; lastKnownFileType = text.xcconfig; name = "Pods-coin-list-ios.debug.xcconfig"; path = "Target Support Files/Pods-coin-list-ios/Pods-coin-list-ios.debug.xcconfig"; sourceTree = "<group>"; };
		C4CA5E2B5C0A61966E80542A /* Pods-coin-list-ios-coin-list-iosUITests.release.xcconfig */ = {isa = PBXFileReference; includeInIndex = 1; lastKnownFileType = text.xcconfig; name = "Pods-coin-list-ios-coin-list-iosUITests.release.xcconfig"; path = "Target Support Files/Pods-coin-list-ios-coin-list-iosUITests/Pods-coin-list-ios-coin-list-iosUITests.release.xcconfig"; sourceTree = "<group>"; };
		CE9BC6CE2C1416400047635D /* coin-list-ios.app */ = {isa = PBXFileReference; explicitFileType = wrapper.application; includeInIndex = 0; path = "coin-list-ios.app"; sourceTree = BUILT_PRODUCTS_DIR; };
		CE9BC6D12C1416400047635D /* AppDelegate.swift */ = {isa = PBXFileReference; lastKnownFileType = sourcecode.swift; path = AppDelegate.swift; sourceTree = "<group>"; };
		CE9BC6D32C1416400047635D /* SceneDelegate.swift */ = {isa = PBXFileReference; lastKnownFileType = sourcecode.swift; path = SceneDelegate.swift; sourceTree = "<group>"; };
		CE9BC6D52C1416400047635D /* ViewController.swift */ = {isa = PBXFileReference; lastKnownFileType = sourcecode.swift; path = ViewController.swift; sourceTree = "<group>"; };
		CE9BC6D82C1416400047635D /* Base */ = {isa = PBXFileReference; lastKnownFileType = file.storyboard; name = Base; path = Base.lproj/Main.storyboard; sourceTree = "<group>"; };
		CE9BC6DA2C1416410047635D /* Assets.xcassets */ = {isa = PBXFileReference; lastKnownFileType = folder.assetcatalog; path = Assets.xcassets; sourceTree = "<group>"; };
		CE9BC6DD2C1416420047635D /* Base */ = {isa = PBXFileReference; lastKnownFileType = file.storyboard; name = Base; path = Base.lproj/LaunchScreen.storyboard; sourceTree = "<group>"; };
		CE9BC6DF2C1416420047635D /* Info.plist */ = {isa = PBXFileReference; lastKnownFileType = text.plist.xml; path = Info.plist; sourceTree = "<group>"; };
		CE9BC6E42C1416420047635D /* coin-list-iosTests.xctest */ = {isa = PBXFileReference; explicitFileType = wrapper.cfbundle; includeInIndex = 0; path = "coin-list-iosTests.xctest"; sourceTree = BUILT_PRODUCTS_DIR; };
		CE9BC6E82C1416420047635D /* coin_list_iosTests.swift */ = {isa = PBXFileReference; lastKnownFileType = sourcecode.swift; path = coin_list_iosTests.swift; sourceTree = "<group>"; };
		CE9BC6EE2C1416420047635D /* coin-list-iosUITests.xctest */ = {isa = PBXFileReference; explicitFileType = wrapper.cfbundle; includeInIndex = 0; path = "coin-list-iosUITests.xctest"; sourceTree = BUILT_PRODUCTS_DIR; };
		CE9BC6F22C1416420047635D /* coin_list_iosUITests.swift */ = {isa = PBXFileReference; lastKnownFileType = sourcecode.swift; path = coin_list_iosUITests.swift; sourceTree = "<group>"; };
		CE9BC6F42C1416420047635D /* coin_list_iosUITestsLaunchTests.swift */ = {isa = PBXFileReference; lastKnownFileType = sourcecode.swift; path = coin_list_iosUITestsLaunchTests.swift; sourceTree = "<group>"; };
		DB8133416DD8C8C12F3B47EB /* Pods-coin-list-iosTests.debug.xcconfig */ = {isa = PBXFileReference; includeInIndex = 1; lastKnownFileType = text.xcconfig; name = "Pods-coin-list-iosTests.debug.xcconfig"; path = "Target Support Files/Pods-coin-list-iosTests/Pods-coin-list-iosTests.debug.xcconfig"; sourceTree = "<group>"; };
/* End PBXFileReference section */

/* Begin PBXFrameworksBuildPhase section */
		CE9BC6CB2C1416400047635D /* Frameworks */ = {
			isa = PBXFrameworksBuildPhase;
			buildActionMask = 2147483647;
			files = (
				2AC766D1DBED42F51E9BF933 /* Pods_coin_list_ios.framework in Frameworks */,
			);
			runOnlyForDeploymentPostprocessing = 0;
		};
		CE9BC6E12C1416420047635D /* Frameworks */ = {
			isa = PBXFrameworksBuildPhase;
			buildActionMask = 2147483647;
			files = (
				B88D77D54FA761D67CB75890 /* Pods_coin_list_iosTests.framework in Frameworks */,
			);
			runOnlyForDeploymentPostprocessing = 0;
		};
		CE9BC6EB2C1416420047635D /* Frameworks */ = {
			isa = PBXFrameworksBuildPhase;
			buildActionMask = 2147483647;
			files = (
				81C376809CD8C92DA9B6D5BF /* Pods_coin_list_ios_coin_list_iosUITests.framework in Frameworks */,
			);
			runOnlyForDeploymentPostprocessing = 0;
		};
/* End PBXFrameworksBuildPhase section */

/* Begin PBXGroup section */
		BFCA0C582D564DBA668159B3 /* Frameworks */ = {
			isa = PBXGroup;
			children = (
				8E1483675CEF8354C2B1A93B /* Pods_coin_list_ios.framework */,
				C1DA2482A358EE721DF5B396 /* Pods_coin_list_ios_coin_list_iosUITests.framework */,
				47485BF0AF4AF2D6B4A065F5 /* Pods_coin_list_iosTests.framework */,
			);
			name = Frameworks;
			sourceTree = "<group>";
		};
		CE8D71724C5A4DCA7E325F27 /* Pods */ = {
			isa = PBXGroup;
			children = (
				C379016387CE937FC2BAA905 /* Pods-coin-list-ios.debug.xcconfig */,
				B32BBD8893181AEB97E3752A /* Pods-coin-list-ios.release.xcconfig */,
				6D01C135C237541424DA6625 /* Pods-coin-list-ios-coin-list-iosUITests.debug.xcconfig */,
				C4CA5E2B5C0A61966E80542A /* Pods-coin-list-ios-coin-list-iosUITests.release.xcconfig */,
				DB8133416DD8C8C12F3B47EB /* Pods-coin-list-iosTests.debug.xcconfig */,
				2470465CA8620168AF1DB9E1 /* Pods-coin-list-iosTests.release.xcconfig */,
			);
			name = Pods;
			path = Pods;
			sourceTree = "<group>";
		};
		CE9BC6C52C1416400047635D = {
			isa = PBXGroup;
			children = (
				CE9BC6D02C1416400047635D /* coin-list-ios */,
				CE9BC6E72C1416420047635D /* coin-list-iosTests */,
				CE9BC6F12C1416420047635D /* coin-list-iosUITests */,
				CE9BC6CF2C1416400047635D /* Products */,
				CE8D71724C5A4DCA7E325F27 /* Pods */,
				BFCA0C582D564DBA668159B3 /* Frameworks */,
			);
			sourceTree = "<group>";
		};
		CE9BC6CF2C1416400047635D /* Products */ = {
			isa = PBXGroup;
			children = (
				CE9BC6CE2C1416400047635D /* coin-list-ios.app */,
				CE9BC6E42C1416420047635D /* coin-list-iosTests.xctest */,
				CE9BC6EE2C1416420047635D /* coin-list-iosUITests.xctest */,
			);
			name = Products;
			sourceTree = "<group>";
		};
		CE9BC6D02C1416400047635D /* coin-list-ios */ = {
			isa = PBXGroup;
			children = (
				CE9BC6D12C1416400047635D /* AppDelegate.swift */,
				CE9BC6D32C1416400047635D /* SceneDelegate.swift */,
				CE9BC6D52C1416400047635D /* ViewController.swift */,
				CE9BC6D72C1416400047635D /* Main.storyboard */,
				CE9BC6DA2C1416410047635D /* Assets.xcassets */,
				CE9BC6DC2C1416420047635D /* LaunchScreen.storyboard */,
				CE9BC6DF2C1416420047635D /* Info.plist */,
			);
			path = "coin-list-ios";
			sourceTree = "<group>";
		};
		CE9BC6E72C1416420047635D /* coin-list-iosTests */ = {
			isa = PBXGroup;
			children = (
				CE9BC6E82C1416420047635D /* coin_list_iosTests.swift */,
			);
			path = "coin-list-iosTests";
			sourceTree = "<group>";
		};
		CE9BC6F12C1416420047635D /* coin-list-iosUITests */ = {
			isa = PBXGroup;
			children = (
				CE9BC6F22C1416420047635D /* coin_list_iosUITests.swift */,
				CE9BC6F42C1416420047635D /* coin_list_iosUITestsLaunchTests.swift */,
			);
			path = "coin-list-iosUITests";
			sourceTree = "<group>";
		};
/* End PBXGroup section */

/* Begin PBXNativeTarget section */
		CE9BC6CD2C1416400047635D /* coin-list-ios */ = {
			isa = PBXNativeTarget;
			buildConfigurationList = CE9BC6F82C1416420047635D /* Build configuration list for PBXNativeTarget "coin-list-ios" */;
			buildPhases = (
				5951121A1BD939357DEDF90D /* [CP] Check Pods Manifest.lock */,
				CE9BC6CA2C1416400047635D /* Sources */,
				CE9BC6CB2C1416400047635D /* Frameworks */,
				CE9BC6CC2C1416400047635D /* Resources */,
			);
			buildRules = (
			);
			dependencies = (
			);
			name = "coin-list-ios";
			productName = "coin-list-ios";
			productReference = CE9BC6CE2C1416400047635D /* coin-list-ios.app */;
			productType = "com.apple.product-type.application";
		};
		CE9BC6E32C1416420047635D /* coin-list-iosTests */ = {
			isa = PBXNativeTarget;
			buildConfigurationList = CE9BC6FB2C1416420047635D /* Build configuration list for PBXNativeTarget "coin-list-iosTests" */;
			buildPhases = (
				DFF006C67BA0D08DA172C079 /* [CP] Check Pods Manifest.lock */,
				CE9BC6E02C1416420047635D /* Sources */,
				CE9BC6E12C1416420047635D /* Frameworks */,
				CE9BC6E22C1416420047635D /* Resources */,
			);
			buildRules = (
			);
			dependencies = (
				CE9BC6E62C1416420047635D /* PBXTargetDependency */,
			);
			name = "coin-list-iosTests";
			productName = "coin-list-iosTests";
			productReference = CE9BC6E42C1416420047635D /* coin-list-iosTests.xctest */;
			productType = "com.apple.product-type.bundle.unit-test";
		};
		CE9BC6ED2C1416420047635D /* coin-list-iosUITests */ = {
			isa = PBXNativeTarget;
			buildConfigurationList = CE9BC6FE2C1416420047635D /* Build configuration list for PBXNativeTarget "coin-list-iosUITests" */;
			buildPhases = (
				AC9DA701333CFB4D3FD2BF33 /* [CP] Check Pods Manifest.lock */,
				CE9BC6EA2C1416420047635D /* Sources */,
				CE9BC6EB2C1416420047635D /* Frameworks */,
				CE9BC6EC2C1416420047635D /* Resources */,
			);
			buildRules = (
			);
			dependencies = (
				CE9BC6F02C1416420047635D /* PBXTargetDependency */,
			);
			name = "coin-list-iosUITests";
			productName = "coin-list-iosUITests";
			productReference = CE9BC6EE2C1416420047635D /* coin-list-iosUITests.xctest */;
			productType = "com.apple.product-type.bundle.ui-testing";
		};
/* End PBXNativeTarget section */

/* Begin PBXProject section */
		CE9BC6C62C1416400047635D /* Project object */ = {
			isa = PBXProject;
			attributes = {
				BuildIndependentTargetsInParallel = 1;
				LastSwiftUpdateCheck = 1500;
				LastUpgradeCheck = 1500;
				TargetAttributes = {
					CE9BC6CD2C1416400047635D = {
						CreatedOnToolsVersion = 15.0.1;
					};
					CE9BC6E32C1416420047635D = {
						CreatedOnToolsVersion = 15.0.1;
						TestTargetID = CE9BC6CD2C1416400047635D;
					};
					CE9BC6ED2C1416420047635D = {
						CreatedOnToolsVersion = 15.0.1;
						TestTargetID = CE9BC6CD2C1416400047635D;
					};
				};
			};
			buildConfigurationList = CE9BC6C92C1416400047635D /* Build configuration list for PBXProject "coin-list-ios" */;
			compatibilityVersion = "Xcode 14.0";
			developmentRegion = en;
			hasScannedForEncodings = 0;
			knownRegions = (
				en,
				Base,
			);
			mainGroup = CE9BC6C52C1416400047635D;
			productRefGroup = CE9BC6CF2C1416400047635D /* Products */;
			projectDirPath = "";
			projectRoot = "";
			targets = (
				CE9BC6CD2C1416400047635D /* coin-list-ios */,
				CE9BC6E32C1416420047635D /* coin-list-iosTests */,
				CE9BC6ED2C1416420047635D /* coin-list-iosUITests */,
			);
		};
/* End PBXProject section */

/* Begin PBXResourcesBuildPhase section */
		CE9BC6CC2C1416400047635D /* Resources */ = {
			isa = PBXResourcesBuildPhase;
			buildActionMask = 2147483647;
			files = (
				CE9BC6DE2C1416420047635D /* LaunchScreen.storyboard in Resources */,
				CE9BC6DB2C1416410047635D /* Assets.xcassets in Resources */,
				CE9BC6D92C1416400047635D /* Main.storyboard in Resources */,
			);
			runOnlyForDeploymentPostprocessing = 0;
		};
		CE9BC6E22C1416420047635D /* Resources */ = {
			isa = PBXResourcesBuildPhase;
			buildActionMask = 2147483647;
			files = (
			);
			runOnlyForDeploymentPostprocessing = 0;
		};
		CE9BC6EC2C1416420047635D /* Resources */ = {
			isa = PBXResourcesBuildPhase;
			buildActionMask = 2147483647;
			files = (
			);
			runOnlyForDeploymentPostprocessing = 0;
		};
/* End PBXResourcesBuildPhase section */

/* Begin PBXShellScriptBuildPhase section */
		5951121A1BD939357DEDF90D /* [CP] Check Pods Manifest.lock */ = {
			isa = PBXShellScriptBuildPhase;
			buildActionMask = 2147483647;
			files = (
			);
			inputFileListPaths = (
			);
			inputPaths = (
				"${PODS_PODFILE_DIR_PATH}/Podfile.lock",
				"${PODS_ROOT}/Manifest.lock",
			);
			name = "[CP] Check Pods Manifest.lock";
			outputFileListPaths = (
			);
			outputPaths = (
				"$(DERIVED_FILE_DIR)/Pods-coin-list-ios-checkManifestLockResult.txt",
			);
			runOnlyForDeploymentPostprocessing = 0;
			shellPath = /bin/sh;
			shellScript = "diff \"${PODS_PODFILE_DIR_PATH}/Podfile.lock\" \"${PODS_ROOT}/Manifest.lock\" > /dev/null\nif [ $? != 0 ] ; then\n    # print error to STDERR\n    echo \"error: The sandbox is not in sync with the Podfile.lock. Run 'pod install' or update your CocoaPods installation.\" >&2\n    exit 1\nfi\n# This output is used by Xcode 'outputs' to avoid re-running this script phase.\necho \"SUCCESS\" > \"${SCRIPT_OUTPUT_FILE_0}\"\n";
			showEnvVarsInLog = 0;
		};
		AC9DA701333CFB4D3FD2BF33 /* [CP] Check Pods Manifest.lock */ = {
			isa = PBXShellScriptBuildPhase;
			buildActionMask = 2147483647;
			files = (
			);
			inputFileListPaths = (
			);
			inputPaths = (
				"${PODS_PODFILE_DIR_PATH}/Podfile.lock",
				"${PODS_ROOT}/Manifest.lock",
			);
			name = "[CP] Check Pods Manifest.lock";
			outputFileListPaths = (
			);
			outputPaths = (
				"$(DERIVED_FILE_DIR)/Pods-coin-list-ios-coin-list-iosUITests-checkManifestLockResult.txt",
			);
			runOnlyForDeploymentPostprocessing = 0;
			shellPath = /bin/sh;
			shellScript = "diff \"${PODS_PODFILE_DIR_PATH}/Podfile.lock\" \"${PODS_ROOT}/Manifest.lock\" > /dev/null\nif [ $? != 0 ] ; then\n    # print error to STDERR\n    echo \"error: The sandbox is not in sync with the Podfile.lock. Run 'pod install' or update your CocoaPods installation.\" >&2\n    exit 1\nfi\n# This output is used by Xcode 'outputs' to avoid re-running this script phase.\necho \"SUCCESS\" > \"${SCRIPT_OUTPUT_FILE_0}\"\n";
			showEnvVarsInLog = 0;
		};
		DFF006C67BA0D08DA172C079 /* [CP] Check Pods Manifest.lock */ = {
			isa = PBXShellScriptBuildPhase;
			buildActionMask = 2147483647;
			files = (
			);
			inputFileListPaths = (
			);
			inputPaths = (
				"${PODS_PODFILE_DIR_PATH}/Podfile.lock",
				"${PODS_ROOT}/Manifest.lock",
			);
			name = "[CP] Check Pods Manifest.lock";
			outputFileListPaths = (
			);
			outputPaths = (
				"$(DERIVED_FILE_DIR)/Pods-coin-list-iosTests-checkManifestLockResult.txt",
			);
			runOnlyForDeploymentPostprocessing = 0;
			shellPath = /bin/sh;
			shellScript = "diff \"${PODS_PODFILE_DIR_PATH}/Podfile.lock\" \"${PODS_ROOT}/Manifest.lock\" > /dev/null\nif [ $? != 0 ] ; then\n    # print error to STDERR\n    echo \"error: The sandbox is not in sync with the Podfile.lock. Run 'pod install' or update your CocoaPods installation.\" >&2\n    exit 1\nfi\n# This output is used by Xcode 'outputs' to avoid re-running this script phase.\necho \"SUCCESS\" > \"${SCRIPT_OUTPUT_FILE_0}\"\n";
			showEnvVarsInLog = 0;
		};
/* End PBXShellScriptBuildPhase section */

/* Begin PBXSourcesBuildPhase section */
		CE9BC6CA2C1416400047635D /* Sources */ = {
			isa = PBXSourcesBuildPhase;
			buildActionMask = 2147483647;
			files = (
				CE9BC6D62C1416400047635D /* ViewController.swift in Sources */,
				CE9BC6D22C1416400047635D /* AppDelegate.swift in Sources */,
				CE9BC6D42C1416400047635D /* SceneDelegate.swift in Sources */,
			);
			runOnlyForDeploymentPostprocessing = 0;
		};
		CE9BC6E02C1416420047635D /* Sources */ = {
			isa = PBXSourcesBuildPhase;
			buildActionMask = 2147483647;
			files = (
				CE9BC6E92C1416420047635D /* coin_list_iosTests.swift in Sources */,
			);
			runOnlyForDeploymentPostprocessing = 0;
		};
		CE9BC6EA2C1416420047635D /* Sources */ = {
			isa = PBXSourcesBuildPhase;
			buildActionMask = 2147483647;
			files = (
				CE9BC6F32C1416420047635D /* coin_list_iosUITests.swift in Sources */,
				CE9BC6F52C1416420047635D /* coin_list_iosUITestsLaunchTests.swift in Sources */,
			);
			runOnlyForDeploymentPostprocessing = 0;
		};
/* End PBXSourcesBuildPhase section */

/* Begin PBXTargetDependency section */
		CE9BC6E62C1416420047635D /* PBXTargetDependency */ = {
			isa = PBXTargetDependency;
			target = CE9BC6CD2C1416400047635D /* coin-list-ios */;
			targetProxy = CE9BC6E52C1416420047635D /* PBXContainerItemProxy */;
		};
		CE9BC6F02C1416420047635D /* PBXTargetDependency */ = {
			isa = PBXTargetDependency;
			target = CE9BC6CD2C1416400047635D /* coin-list-ios */;
			targetProxy = CE9BC6EF2C1416420047635D /* PBXContainerItemProxy */;
		};
/* End PBXTargetDependency section */

/* Begin PBXVariantGroup section */
		CE9BC6D72C1416400047635D /* Main.storyboard */ = {
			isa = PBXVariantGroup;
			children = (
				CE9BC6D82C1416400047635D /* Base */,
			);
			name = Main.storyboard;
			sourceTree = "<group>";
		};
		CE9BC6DC2C1416420047635D /* LaunchScreen.storyboard */ = {
			isa = PBXVariantGroup;
			children = (
				CE9BC6DD2C1416420047635D /* Base */,
			);
			name = LaunchScreen.storyboard;
			sourceTree = "<group>";
		};
/* End PBXVariantGroup section */

/* Begin XCBuildConfiguration section */
		CE9BC6F62C1416420047635D /* Debug */ = {
			isa = XCBuildConfiguration;
			buildSettings = {
				ALWAYS_SEARCH_USER_PATHS = NO;
				ASSETCATALOG_COMPILER_GENERATE_SWIFT_ASSET_SYMBOL_EXTENSIONS = YES;
				CLANG_ANALYZER_NONNULL = YES;
				CLANG_ANALYZER_NUMBER_OBJECT_CONVERSION = YES_AGGRESSIVE;
				CLANG_CXX_LANGUAGE_STANDARD = "gnu++20";
				CLANG_ENABLE_MODULES = YES;
				CLANG_ENABLE_OBJC_ARC = YES;
				CLANG_ENABLE_OBJC_WEAK = YES;
				CLANG_WARN_BLOCK_CAPTURE_AUTORELEASING = YES;
				CLANG_WARN_BOOL_CONVERSION = YES;
				CLANG_WARN_COMMA = YES;
				CLANG_WARN_CONSTANT_CONVERSION = YES;
				CLANG_WARN_DEPRECATED_OBJC_IMPLEMENTATIONS = YES;
				CLANG_WARN_DIRECT_OBJC_ISA_USAGE = YES_ERROR;
				CLANG_WARN_DOCUMENTATION_COMMENTS = YES;
				CLANG_WARN_EMPTY_BODY = YES;
				CLANG_WARN_ENUM_CONVERSION = YES;
				CLANG_WARN_INFINITE_RECURSION = YES;
				CLANG_WARN_INT_CONVERSION = YES;
				CLANG_WARN_NON_LITERAL_NULL_CONVERSION = YES;
				CLANG_WARN_OBJC_IMPLICIT_RETAIN_SELF = YES;
				CLANG_WARN_OBJC_LITERAL_CONVERSION = YES;
				CLANG_WARN_OBJC_ROOT_CLASS = YES_ERROR;
				CLANG_WARN_QUOTED_INCLUDE_IN_FRAMEWORK_HEADER = YES;
				CLANG_WARN_RANGE_LOOP_ANALYSIS = YES;
				CLANG_WARN_STRICT_PROTOTYPES = YES;
				CLANG_WARN_SUSPICIOUS_MOVE = YES;
				CLANG_WARN_UNGUARDED_AVAILABILITY = YES_AGGRESSIVE;
				CLANG_WARN_UNREACHABLE_CODE = YES;
				CLANG_WARN__DUPLICATE_METHOD_MATCH = YES;
				COPY_PHASE_STRIP = NO;
				DEBUG_INFORMATION_FORMAT = dwarf;
				ENABLE_STRICT_OBJC_MSGSEND = YES;
				ENABLE_TESTABILITY = YES;
				ENABLE_USER_SCRIPT_SANDBOXING = YES;
				GCC_C_LANGUAGE_STANDARD = gnu17;
				GCC_DYNAMIC_NO_PIC = NO;
				GCC_NO_COMMON_BLOCKS = YES;
				GCC_OPTIMIZATION_LEVEL = 0;
				GCC_PREPROCESSOR_DEFINITIONS = (
					"DEBUG=1",
					"$(inherited)",
				);
				GCC_WARN_64_TO_32_BIT_CONVERSION = YES;
				GCC_WARN_ABOUT_RETURN_TYPE = YES_ERROR;
				GCC_WARN_UNDECLARED_SELECTOR = YES;
				GCC_WARN_UNINITIALIZED_AUTOS = YES_AGGRESSIVE;
				GCC_WARN_UNUSED_FUNCTION = YES;
				GCC_WARN_UNUSED_VARIABLE = YES;
				IPHONEOS_DEPLOYMENT_TARGET = 17.0;
				LOCALIZATION_PREFERS_STRING_CATALOGS = YES;
				MTL_ENABLE_DEBUG_INFO = INCLUDE_SOURCE;
				MTL_FAST_MATH = YES;
				ONLY_ACTIVE_ARCH = YES;
				SDKROOT = iphoneos;
				SWIFT_ACTIVE_COMPILATION_CONDITIONS = "DEBUG $(inherited)";
				SWIFT_OPTIMIZATION_LEVEL = "-Onone";
			};
			name = Debug;
		};
		CE9BC6F72C1416420047635D /* Release */ = {
			isa = XCBuildConfiguration;
			buildSettings = {
				ALWAYS_SEARCH_USER_PATHS = NO;
				ASSETCATALOG_COMPILER_GENERATE_SWIFT_ASSET_SYMBOL_EXTENSIONS = YES;
				CLANG_ANALYZER_NONNULL = YES;
				CLANG_ANALYZER_NUMBER_OBJECT_CONVERSION = YES_AGGRESSIVE;
				CLANG_CXX_LANGUAGE_STANDARD = "gnu++20";
				CLANG_ENABLE_MODULES = YES;
				CLANG_ENABLE_OBJC_ARC = YES;
				CLANG_ENABLE_OBJC_WEAK = YES;
				CLANG_WARN_BLOCK_CAPTURE_AUTORELEASING = YES;
				CLANG_WARN_BOOL_CONVERSION = YES;
				CLANG_WARN_COMMA = YES;
				CLANG_WARN_CONSTANT_CONVERSION = YES;
				CLANG_WARN_DEPRECATED_OBJC_IMPLEMENTATIONS = YES;
				CLANG_WARN_DIRECT_OBJC_ISA_USAGE = YES_ERROR;
				CLANG_WARN_DOCUMENTATION_COMMENTS = YES;
				CLANG_WARN_EMPTY_BODY = YES;
				CLANG_WARN_ENUM_CONVERSION = YES;
				CLANG_WARN_INFINITE_RECURSION = YES;
				CLANG_WARN_INT_CONVERSION = YES;
				CLANG_WARN_NON_LITERAL_NULL_CONVERSION = YES;
				CLANG_WARN_OBJC_IMPLICIT_RETAIN_SELF = YES;
				CLANG_WARN_OBJC_LITERAL_CONVERSION = YES;
				CLANG_WARN_OBJC_ROOT_CLASS = YES_ERROR;
				CLANG_WARN_QUOTED_INCLUDE_IN_FRAMEWORK_HEADER = YES;
				CLANG_WARN_RANGE_LOOP_ANALYSIS = YES;
				CLANG_WARN_STRICT_PROTOTYPES = YES;
				CLANG_WARN_SUSPICIOUS_MOVE = YES;
				CLANG_WARN_UNGUARDED_AVAILABILITY = YES_AGGRESSIVE;
				CLANG_WARN_UNREACHABLE_CODE = YES;
				CLANG_WARN__DUPLICATE_METHOD_MATCH = YES;
				COPY_PHASE_STRIP = NO;
				DEBUG_INFORMATION_FORMAT = "dwarf-with-dsym";
				ENABLE_NS_ASSERTIONS = NO;
				ENABLE_STRICT_OBJC_MSGSEND = YES;
				ENABLE_USER_SCRIPT_SANDBOXING = YES;
				GCC_C_LANGUAGE_STANDARD = gnu17;
				GCC_NO_COMMON_BLOCKS = YES;
				GCC_WARN_64_TO_32_BIT_CONVERSION = YES;
				GCC_WARN_ABOUT_RETURN_TYPE = YES_ERROR;
				GCC_WARN_UNDECLARED_SELECTOR = YES;
				GCC_WARN_UNINITIALIZED_AUTOS = YES_AGGRESSIVE;
				GCC_WARN_UNUSED_FUNCTION = YES;
				GCC_WARN_UNUSED_VARIABLE = YES;
				IPHONEOS_DEPLOYMENT_TARGET = 17.0;
				LOCALIZATION_PREFERS_STRING_CATALOGS = YES;
				MTL_ENABLE_DEBUG_INFO = NO;
				MTL_FAST_MATH = YES;
				SDKROOT = iphoneos;
				SWIFT_COMPILATION_MODE = wholemodule;
				VALIDATE_PRODUCT = YES;
			};
			name = Release;
		};
		CE9BC6F92C1416420047635D /* Debug */ = {
			isa = XCBuildConfiguration;
			baseConfigurationReference = C379016387CE937FC2BAA905 /* Pods-coin-list-ios.debug.xcconfig */;
			buildSettings = {
				ASSETCATALOG_COMPILER_APPICON_NAME = AppIcon;
				ASSETCATALOG_COMPILER_GLOBAL_ACCENT_COLOR_NAME = AccentColor;
				CODE_SIGN_STYLE = Automatic;
				CURRENT_PROJECT_VERSION = 1;
				GENERATE_INFOPLIST_FILE = YES;
				INFOPLIST_FILE = "coin-list-ios/Info.plist";
				INFOPLIST_KEY_UIApplicationSupportsIndirectInputEvents = YES;
				INFOPLIST_KEY_UILaunchStoryboardName = LaunchScreen;
				INFOPLIST_KEY_UIMainStoryboardFile = Main;
				INFOPLIST_KEY_UISupportedInterfaceOrientations_iPad = "UIInterfaceOrientationPortrait UIInterfaceOrientationPortraitUpsideDown UIInterfaceOrientationLandscapeLeft UIInterfaceOrientationLandscapeRight";
				INFOPLIST_KEY_UISupportedInterfaceOrientations_iPhone = "UIInterfaceOrientationPortrait UIInterfaceOrientationLandscapeLeft UIInterfaceOrientationLandscapeRight";
				IPHONEOS_DEPLOYMENT_TARGET = 15.0;
				LD_RUNPATH_SEARCH_PATHS = (
					"$(inherited)",
					"@executable_path/Frameworks",
				);
				MARKETING_VERSION = 1.0;
				PRODUCT_BUNDLE_IDENTIFIER = "com.tnps.coin-list-ios";
				PRODUCT_NAME = "$(TARGET_NAME)";
				SWIFT_EMIT_LOC_STRINGS = YES;
				SWIFT_VERSION = 5.0;
				TARGETED_DEVICE_FAMILY = "1,2";
			};
			name = Debug;
		};
		CE9BC6FA2C1416420047635D /* Release */ = {
			isa = XCBuildConfiguration;
			baseConfigurationReference = B32BBD8893181AEB97E3752A /* Pods-coin-list-ios.release.xcconfig */;
			buildSettings = {
				ASSETCATALOG_COMPILER_APPICON_NAME = AppIcon;
				ASSETCATALOG_COMPILER_GLOBAL_ACCENT_COLOR_NAME = AccentColor;
				CODE_SIGN_STYLE = Automatic;
				CURRENT_PROJECT_VERSION = 1;
				GENERATE_INFOPLIST_FILE = YES;
				INFOPLIST_FILE = "coin-list-ios/Info.plist";
				INFOPLIST_KEY_UIApplicationSupportsIndirectInputEvents = YES;
				INFOPLIST_KEY_UILaunchStoryboardName = LaunchScreen;
				INFOPLIST_KEY_UIMainStoryboardFile = Main;
				INFOPLIST_KEY_UISupportedInterfaceOrientations_iPad = "UIInterfaceOrientationPortrait UIInterfaceOrientationPortraitUpsideDown UIInterfaceOrientationLandscapeLeft UIInterfaceOrientationLandscapeRight";
				INFOPLIST_KEY_UISupportedInterfaceOrientations_iPhone = "UIInterfaceOrientationPortrait UIInterfaceOrientationLandscapeLeft UIInterfaceOrientationLandscapeRight";
				IPHONEOS_DEPLOYMENT_TARGET = 15.0;
				LD_RUNPATH_SEARCH_PATHS = (
					"$(inherited)",
					"@executable_path/Frameworks",
				);
				MARKETING_VERSION = 1.0;
				PRODUCT_BUNDLE_IDENTIFIER = "com.tnps.coin-list-ios";
				PRODUCT_NAME = "$(TARGET_NAME)";
				SWIFT_EMIT_LOC_STRINGS = YES;
				SWIFT_VERSION = 5.0;
				TARGETED_DEVICE_FAMILY = "1,2";
			};
			name = Release;
		};
		CE9BC6FC2C1416420047635D /* Debug */ = {
			isa = XCBuildConfiguration;
			baseConfigurationReference = DB8133416DD8C8C12F3B47EB /* Pods-coin-list-iosTests.debug.xcconfig */;
			buildSettings = {
				ALWAYS_EMBED_SWIFT_STANDARD_LIBRARIES = YES;
				BUNDLE_LOADER = "$(TEST_HOST)";
				CODE_SIGN_STYLE = Automatic;
				CURRENT_PROJECT_VERSION = 1;
				GENERATE_INFOPLIST_FILE = YES;
				IPHONEOS_DEPLOYMENT_TARGET = 15.0;
				MARKETING_VERSION = 1.0;
				PRODUCT_BUNDLE_IDENTIFIER = "com.tnps.coin-list-iosTests";
				PRODUCT_NAME = "$(TARGET_NAME)";
				SWIFT_EMIT_LOC_STRINGS = NO;
				SWIFT_VERSION = 5.0;
				TARGETED_DEVICE_FAMILY = "1,2";
				TEST_HOST = "$(BUILT_PRODUCTS_DIR)/coin-list-ios.app/$(BUNDLE_EXECUTABLE_FOLDER_PATH)/coin-list-ios";
			};
			name = Debug;
		};
		CE9BC6FD2C1416420047635D /* Release */ = {
			isa = XCBuildConfiguration;
			baseConfigurationReference = 2470465CA8620168AF1DB9E1 /* Pods-coin-list-iosTests.release.xcconfig */;
			buildSettings = {
				ALWAYS_EMBED_SWIFT_STANDARD_LIBRARIES = YES;
				BUNDLE_LOADER = "$(TEST_HOST)";
				CODE_SIGN_STYLE = Automatic;
				CURRENT_PROJECT_VERSION = 1;
				GENERATE_INFOPLIST_FILE = YES;
				IPHONEOS_DEPLOYMENT_TARGET = 15.0;
				MARKETING_VERSION = 1.0;
				PRODUCT_BUNDLE_IDENTIFIER = "com.tnps.coin-list-iosTests";
				PRODUCT_NAME = "$(TARGET_NAME)";
				SWIFT_EMIT_LOC_STRINGS = NO;
				SWIFT_VERSION = 5.0;
				TARGETED_DEVICE_FAMILY = "1,2";
				TEST_HOST = "$(BUILT_PRODUCTS_DIR)/coin-list-ios.app/$(BUNDLE_EXECUTABLE_FOLDER_PATH)/coin-list-ios";
			};
			name = Release;
		};
		CE9BC6FF2C1416420047635D /* Debug */ = {
			isa = XCBuildConfiguration;
			baseConfigurationReference = 6D01C135C237541424DA6625 /* Pods-coin-list-ios-coin-list-iosUITests.debug.xcconfig */;
			buildSettings = {
				ALWAYS_EMBED_SWIFT_STANDARD_LIBRARIES = YES;
				CODE_SIGN_STYLE = Automatic;
				CURRENT_PROJECT_VERSION = 1;
				GENERATE_INFOPLIST_FILE = YES;
				IPHONEOS_DEPLOYMENT_TARGET = 15.0;
				MARKETING_VERSION = 1.0;
				PRODUCT_BUNDLE_IDENTIFIER = "com.tnps.coin-list-iosUITests";
				PRODUCT_NAME = "$(TARGET_NAME)";
				SWIFT_EMIT_LOC_STRINGS = NO;
				SWIFT_VERSION = 5.0;
				TARGETED_DEVICE_FAMILY = "1,2";
				TEST_TARGET_NAME = "coin-list-ios";
			};
			name = Debug;
		};
		CE9BC7002C1416420047635D /* Release */ = {
			isa = XCBuildConfiguration;
			baseConfigurationReference = C4CA5E2B5C0A61966E80542A /* Pods-coin-list-ios-coin-list-iosUITests.release.xcconfig */;
			buildSettings = {
				ALWAYS_EMBED_SWIFT_STANDARD_LIBRARIES = YES;
				CODE_SIGN_STYLE = Automatic;
				CURRENT_PROJECT_VERSION = 1;
				GENERATE_INFOPLIST_FILE = YES;
				IPHONEOS_DEPLOYMENT_TARGET = 15.0;
				MARKETING_VERSION = 1.0;
				PRODUCT_BUNDLE_IDENTIFIER = "com.tnps.coin-list-iosUITests";
				PRODUCT_NAME = "$(TARGET_NAME)";
				SWIFT_EMIT_LOC_STRINGS = NO;
				SWIFT_VERSION = 5.0;
				TARGETED_DEVICE_FAMILY = "1,2";
				TEST_TARGET_NAME = "coin-list-ios";
			};
			name = Release;
		};
/* End XCBuildConfiguration section */

/* Begin XCConfigurationList section */
		CE9BC6C92C1416400047635D /* Build configuration list for PBXProject "coin-list-ios" */ = {
			isa = XCConfigurationList;
			buildConfigurations = (
				CE9BC6F62C1416420047635D /* Debug */,
				CE9BC6F72C1416420047635D /* Release */,
			);
			defaultConfigurationIsVisible = 0;
			defaultConfigurationName = Release;
		};
		CE9BC6F82C1416420047635D /* Build configuration list for PBXNativeTarget "coin-list-ios" */ = {
			isa = XCConfigurationList;
			buildConfigurations = (
				CE9BC6F92C1416420047635D /* Debug */,
				CE9BC6FA2C1416420047635D /* Release */,
			);
			defaultConfigurationIsVisible = 0;
			defaultConfigurationName = Release;
		};
		CE9BC6FB2C1416420047635D /* Build configuration list for PBXNativeTarget "coin-list-iosTests" */ = {
			isa = XCConfigurationList;
			buildConfigurations = (
				CE9BC6FC2C1416420047635D /* Debug */,
				CE9BC6FD2C1416420047635D /* Release */,
			);
			defaultConfigurationIsVisible = 0;
			defaultConfigurationName = Release;
		};
		CE9BC6FE2C1416420047635D /* Build configuration list for PBXNativeTarget "coin-list-iosUITests" */ = {
			isa = XCConfigurationList;
			buildConfigurations = (
				CE9BC6FF2C1416420047635D /* Debug */,
				CE9BC7002C1416420047635D /* Release */,
			);
			defaultConfigurationIsVisible = 0;
			defaultConfigurationName = Release;
		};
/* End XCConfigurationList section */
	};
	rootObject = CE9BC6C62C1416400047635D /* Project object */;
}
