// !$*UTF8*$!
{
	archiveVersion = 1;
	classes = {
	};
	objectVersion = 56;
	objects = {

/* Begin PBXBuildFile section */
		2AC766D1DBED42F51E9BF933 /* Pods_coin_list_ios.framework in Frameworks */ = {isa = PBXBuildFile; fileRef = 8E1483675CEF8354C2B1A93B /* Pods_coin_list_ios.framework */; };
		81C376809CD8C92DA9B6D5BF /* Pods_coin_list_ios_coin_list_iosUITests.framework in Frameworks */ = {isa = PBXBuildFile; fileRef = C1DA2482A358EE721DF5B396 /* Pods_coin_list_ios_coin_list_iosUITests.framework */; };
		B88D77D54FA761D67CB75890 /* Pods_coin_list_iosTests.framework in Frameworks */ = {isa = PBXBuildFile; fileRef = 47485BF0AF4AF2D6B4A065F5 /* Pods_coin_list_iosTests.framework */; };
		CE9BC6D22C1416400047635D /* AppDelegate.swift in Sources */ = {isa = PBXBuildFile; fileRef = CE9BC6D12C1416400047635D /* AppDelegate.swift */; };
		CE9BC6D42C1416400047635D /* SceneDelegate.swift in Sources */ = {isa = PBXBuildFile; fileRef = CE9BC6D32C1416400047635D /* SceneDelegate.swift */; };
		CE9BC6D62C1416400047635D /* LaunchViewController.swift in Sources */ = {isa = PBXBuildFile; fileRef = CE9BC6D52C1416400047635D /* LaunchViewController.swift */; };
		CE9BC6D92C1416400047635D /* Main.storyboard in Resources */ = {isa = PBXBuildFile; fileRef = CE9BC6D72C1416400047635D /* Main.storyboard */; };
		CE9BC6DB2C1416410047635D /* Assets.xcassets in Resources */ = {isa = PBXBuildFile; fileRef = CE9BC6DA2C1416410047635D /* Assets.xcassets */; };
		CE9BC6DE2C1416420047635D /* LaunchScreen.storyboard in Resources */ = {isa = PBXBuildFile; fileRef = CE9BC6DC2C1416420047635D /* LaunchScreen.storyboard */; };
		CE9BC6E92C1416420047635D /* coin_list_iosTests.swift in Sources */ = {isa = PBXBuildFile; fileRef = CE9BC6E82C1416420047635D /* coin_list_iosTests.swift */; };
		CE9BC6F32C1416420047635D /* coin_list_iosUITests.swift in Sources */ = {isa = PBXBuildFile; fileRef = CE9BC6F22C1416420047635D /* coin_list_iosUITests.swift */; };
		CE9BC6F52C1416420047635D /* coin_list_iosUITestsLaunchTests.swift in Sources */ = {isa = PBXBuildFile; fileRef = CE9BC6F42C1416420047635D /* coin_list_iosUITestsLaunchTests.swift */; };
		CE9BC70D2C14210F0047635D /* CoinListPresenter.swift in Sources */ = {isa = PBXBuildFile; fileRef = CE9BC7072C14210F0047635D /* CoinListPresenter.swift */; };
		CE9BC70E2C14210F0047635D /* CoinListWorker.swift in Sources */ = {isa = PBXBuildFile; fileRef = CE9BC7082C14210F0047635D /* CoinListWorker.swift */; };
		CE9BC70F2C14210F0047635D /* CoinListRouter.swift in Sources */ = {isa = PBXBuildFile; fileRef = CE9BC7092C14210F0047635D /* CoinListRouter.swift */; };
		CE9BC7102C14210F0047635D /* CoinListModels.swift in Sources */ = {isa = PBXBuildFile; fileRef = CE9BC70A2C14210F0047635D /* CoinListModels.swift */; };
		CE9BC7112C14210F0047635D /* CoinListViewController.swift in Sources */ = {isa = PBXBuildFile; fileRef = CE9BC70B2C14210F0047635D /* CoinListViewController.swift */; };
		CE9BC7122C14210F0047635D /* CoinListInteractor.swift in Sources */ = {isa = PBXBuildFile; fileRef = CE9BC70C2C14210F0047635D /* CoinListInteractor.swift */; };
		CE9BC7142C14251A0047635D /* Coin.swift in Sources */ = {isa = PBXBuildFile; fileRef = CE9BC7132C14251A0047635D /* Coin.swift */; };
		CE9BC7162C1428E80047635D /* CoinService.swift in Sources */ = {isa = PBXBuildFile; fileRef = CE9BC7152C1428E80047635D /* CoinService.swift */; };
		CE9BC7182C142D540047635D /* CoinsResponse.swift in Sources */ = {isa = PBXBuildFile; fileRef = CE9BC7172C142D540047635D /* CoinsResponse.swift */; };
		CE9BC71A2C142E150047635D /* CoinData.swift in Sources */ = {isa = PBXBuildFile; fileRef = CE9BC7192C142E150047635D /* CoinData.swift */; };
		CE9BC71C2C142E470047635D /* Stats.swift in Sources */ = {isa = PBXBuildFile; fileRef = CE9BC71B2C142E470047635D /* Stats.swift */; };
		CE9BC71F2C14537E0047635D /* Debouncer.swift in Sources */ = {isa = PBXBuildFile; fileRef = CE9BC71E2C14537E0047635D /* Debouncer.swift */; };
		CE9BC7232C14573C0047635D /* CoinTableViewCell.swift in Sources */ = {isa = PBXBuildFile; fileRef = CE9BC7212C14573C0047635D /* CoinTableViewCell.swift */; };
		CE9BC7242C14573C0047635D /* CoinTableViewCell.xib in Resources */ = {isa = PBXBuildFile; fileRef = CE9BC7222C14573C0047635D /* CoinTableViewCell.xib */; };
		CE9BC72C2C1466020047635D /* RankingTableViewCell.swift in Sources */ = {isa = PBXBuildFile; fileRef = CE9BC72A2C1466020047635D /* RankingTableViewCell.swift */; };
		CE9BC72D2C1466020047635D /* RankingTableViewCell.xib in Resources */ = {isa = PBXBuildFile; fileRef = CE9BC72B2C1466020047635D /* RankingTableViewCell.xib */; };
		CE9BC7302C1468930047635D /* TitleTableViewCell.swift in Sources */ = {isa = PBXBuildFile; fileRef = CE9BC72E2C1468930047635D /* TitleTableViewCell.swift */; };
		CE9BC7312C1468930047635D /* TitleTableViewCell.xib in Resources */ = {isa = PBXBuildFile; fileRef = CE9BC72F2C1468930047635D /* TitleTableViewCell.xib */; };
		CE9BC7392C14B0250047635D /* CoinDetailPresenter.swift in Sources */ = {isa = PBXBuildFile; fileRef = CE9BC7332C14B0250047635D /* CoinDetailPresenter.swift */; };
		CE9BC73A2C14B0250047635D /* CoinDetailWorker.swift in Sources */ = {isa = PBXBuildFile; fileRef = CE9BC7342C14B0250047635D /* CoinDetailWorker.swift */; };
		CE9BC73B2C14B0250047635D /* CoinDetailRouter.swift in Sources */ = {isa = PBXBuildFile; fileRef = CE9BC7352C14B0250047635D /* CoinDetailRouter.swift */; };
		CE9BC73C2C14B0250047635D /* CoinDetailModels.swift in Sources */ = {isa = PBXBuildFile; fileRef = CE9BC7362C14B0250047635D /* CoinDetailModels.swift */; };
		CE9BC73D2C14B0250047635D /* CoinDetailViewController.swift in Sources */ = {isa = PBXBuildFile; fileRef = CE9BC7372C14B0250047635D /* CoinDetailViewController.swift */; };
		CE9BC73E2C14B0250047635D /* CoinDetailInteractor.swift in Sources */ = {isa = PBXBuildFile; fileRef = CE9BC7382C14B0250047635D /* CoinDetailInteractor.swift */; };
		CE9BC7422C14B06D0047635D /* InviteFriendTableViewCell.swift in Sources */ = {isa = PBXBuildFile; fileRef = CE9BC7402C14B06D0047635D /* InviteFriendTableViewCell.swift */; };
		CE9BC7432C14B06D0047635D /* InviteFriendTableViewCell.xib in Resources */ = {isa = PBXBuildFile; fileRef = CE9BC7412C14B06D0047635D /* InviteFriendTableViewCell.xib */; };
		CE9BC7472C14B2C00047635D /* UIView+Layer.swift in Sources */ = {isa = PBXBuildFile; fileRef = CE9BC7462C14B2C00047635D /* UIView+Layer.swift */; };
		CE9BC7492C14B42B0047635D /* UIColor+Hex.swift in Sources */ = {isa = PBXBuildFile; fileRef = CE9BC7482C14B42B0047635D /* UIColor+Hex.swift */; };
		CE9BC74E2C14C1430047635D /* CoinCollectionViewCell.swift in Sources */ = {isa = PBXBuildFile; fileRef = CE9BC74C2C14C1430047635D /* CoinCollectionViewCell.swift */; };
		CE9BC74F2C14C1430047635D /* CoinCollectionViewCell.xib in Resources */ = {isa = PBXBuildFile; fileRef = CE9BC74D2C14C1430047635D /* CoinCollectionViewCell.xib */; };
		CE9BC7522C156BCE0047635D /* CoinDetailHeaderView.swift in Sources */ = {isa = PBXBuildFile; fileRef = CE9BC7512C156BCE0047635D /* CoinDetailHeaderView.swift */; };
		CE9BC7542C15709C0047635D /* CoinDetailHeaderView.xib in Resources */ = {isa = PBXBuildFile; fileRef = CE9BC7532C15709C0047635D /* CoinDetailHeaderView.xib */; };
		CE9BC7562C1581020047635D /* CoinViewModel.swift in Sources */ = {isa = PBXBuildFile; fileRef = CE9BC7552C1581020047635D /* CoinViewModel.swift */; };
		CE9BC75B2C1586670047635D /* CoinViewModelFormatter.swift in Sources */ = {isa = PBXBuildFile; fileRef = CE9BC75A2C1586670047635D /* CoinViewModelFormatter.swift */; };
		CE9BC75D2C1587C40047635D /* CoinDetailViewModel.swift in Sources */ = {isa = PBXBuildFile; fileRef = CE9BC75C2C1587C40047635D /* CoinDetailViewModel.swift */; };
		CE9BC75F2C15883D0047635D /* CoinDetailResponse.swift in Sources */ = {isa = PBXBuildFile; fileRef = CE9BC75E2C15883D0047635D /* CoinDetailResponse.swift */; };
		CE9BC7612C1588550047635D /* CoinDetail.swift in Sources */ = {isa = PBXBuildFile; fileRef = CE9BC7602C1588550047635D /* CoinDetail.swift */; };
		CE9BC7632C15887C0047635D /* CoinDetailData.swift in Sources */ = {isa = PBXBuildFile; fileRef = CE9BC7622C15887C0047635D /* CoinDetailData.swift */; };
		CE9BC7672C15920A0047635D /* UIImageView+SVG.swift in Sources */ = {isa = PBXBuildFile; fileRef = CE9BC7662C15920A0047635D /* UIImageView+SVG.swift */; };
		CE9BC76A2C159A140047635D /* AppError.swift in Sources */ = {isa = PBXBuildFile; fileRef = CE9BC7692C159A140047635D /* AppError.swift */; };
		CE9BC76D2C159D0B0047635D /* ErrorTableViewCell.swift in Sources */ = {isa = PBXBuildFile; fileRef = CE9BC76B2C159D0B0047635D /* ErrorTableViewCell.swift */; };
		CE9BC76E2C159D0B0047635D /* ErrorTableViewCell.xib in Resources */ = {isa = PBXBuildFile; fileRef = CE9BC76C2C159D0B0047635D /* ErrorTableViewCell.xib */; };
		CE9BC7712C15B2650047635D /* UIView+Animation.swift in Sources */ = {isa = PBXBuildFile; fileRef = CE9BC7702C15B2650047635D /* UIView+Animation.swift */; };
		CE9BC7742C15B58B0047635D /* CustomRefreshControl.swift in Sources */ = {isa = PBXBuildFile; fileRef = CE9BC7732C15B58B0047635D /* CustomRefreshControl.swift */; };
		CE9BC7772C15B5BD0047635D /* LoadMoreFooterView.swift in Sources */ = {isa = PBXBuildFile; fileRef = CE9BC7762C15B5BD0047635D /* LoadMoreFooterView.swift */; };
/* End PBXBuildFile section */

/* Begin PBXContainerItemProxy section */
		CE9BC6E52C1416420047635D /* PBXContainerItemProxy */ = {
			isa = PBXContainerItemProxy;
			containerPortal = CE9BC6C62C1416400047635D /* Project object */;
			proxyType = 1;
			remoteGlobalIDString = CE9BC6CD2C1416400047635D;
			remoteInfo = "coin-list-ios";
		};
		CE9BC6EF2C1416420047635D /* PBXContainerItemProxy */ = {
			isa = PBXContainerItemProxy;
			containerPortal = CE9BC6C62C1416400047635D /* Project object */;
			proxyType = 1;
			remoteGlobalIDString = CE9BC6CD2C1416400047635D;
			remoteInfo = "coin-list-ios";
		};
/* End PBXContainerItemProxy section */

/* Begin PBXFileReference section */
		2470465CA8620168AF1DB9E1 /* Pods-coin-list-iosTests.release.xcconfig */ = {isa = PBXFileReference; includeInIndex = 1; lastKnownFileType = text.xcconfig; name = "Pods-coin-list-iosTests.release.xcconfig"; path = "Target Support Files/Pods-coin-list-iosTests/Pods-coin-list-iosTests.release.xcconfig"; sourceTree = "<group>"; };
		47485BF0AF4AF2D6B4A065F5 /* Pods_coin_list_iosTests.framework */ = {isa = PBXFileReference; explicitFileType = wrapper.framework; includeInIndex = 0; path = Pods_coin_list_iosTests.framework; sourceTree = BUILT_PRODUCTS_DIR; };
		6D01C135C237541424DA6625 /* Pods-coin-list-ios-coin-list-iosUITests.debug.xcconfig */ = {isa = PBXFileReference; includeInIndex = 1; lastKnownFileType = text.xcconfig; name = "Pods-coin-list-ios-coin-list-iosUITests.debug.xcconfig"; path = "Target Support Files/Pods-coin-list-ios-coin-list-iosUITests/Pods-coin-list-ios-coin-list-iosUITests.debug.xcconfig"; sourceTree = "<group>"; };
		8E1483675CEF8354C2B1A93B /* Pods_coin_list_ios.framework */ = {isa = PBXFileReference; explicitFileType = wrapper.framework; includeInIndex = 0; path = Pods_coin_list_ios.framework; sourceTree = BUILT_PRODUCTS_DIR; };
		B32BBD8893181AEB97E3752A /* Pods-coin-list-ios.release.xcconfig */ = {isa = PBXFileReference; includeInIndex = 1; lastKnownFileType = text.xcconfig; name = "Pods-coin-list-ios.release.xcconfig"; path = "Target Support Files/Pods-coin-list-ios/Pods-coin-list-ios.release.xcconfig"; sourceTree = "<group>"; };
		C1DA2482A358EE721DF5B396 /* Pods_coin_list_ios_coin_list_iosUITests.framework */ = {isa = PBXFileReference; explicitFileType = wrapper.framework; includeInIndex = 0; path = Pods_coin_list_ios_coin_list_iosUITests.framework; sourceTree = BUILT_PRODUCTS_DIR; };
		C379016387CE937FC2BAA905 /* Pods-coin-list-ios.debug.xcconfig */ = {isa = PBXFileReference; includeInIndex = 1; lastKnownFileType = text.xcconfig; name = "Pods-coin-list-ios.debug.xcconfig"; path = "Target Support Files/Pods-coin-list-ios/Pods-coin-list-ios.debug.xcconfig"; sourceTree = "<group>"; };
		C4CA5E2B5C0A61966E80542A /* Pods-coin-list-ios-coin-list-iosUITests.release.xcconfig */ = {isa = PBXFileReference; includeInIndex = 1; lastKnownFileType = text.xcconfig; name = "Pods-coin-list-ios-coin-list-iosUITests.release.xcconfig"; path = "Target Support Files/Pods-coin-list-ios-coin-list-iosUITests/Pods-coin-list-ios-coin-list-iosUITests.release.xcconfig"; sourceTree = "<group>"; };
		CE9BC6CE2C1416400047635D /* coin-list-ios.app */ = {isa = PBXFileReference; explicitFileType = wrapper.application; includeInIndex = 0; path = "coin-list-ios.app"; sourceTree = BUILT_PRODUCTS_DIR; };
		CE9BC6D12C1416400047635D /* AppDelegate.swift */ = {isa = PBXFileReference; lastKnownFileType = sourcecode.swift; path = AppDelegate.swift; sourceTree = "<group>"; };
		CE9BC6D32C1416400047635D /* SceneDelegate.swift */ = {isa = PBXFileReference; lastKnownFileType = sourcecode.swift; path = SceneDelegate.swift; sourceTree = "<group>"; };
		CE9BC6D52C1416400047635D /* LaunchViewController.swift */ = {isa = PBXFileReference; lastKnownFileType = sourcecode.swift; path = LaunchViewController.swift; sourceTree = "<group>"; };
		CE9BC6D82C1416400047635D /* Base */ = {isa = PBXFileReference; lastKnownFileType = file.storyboard; name = Base; path = Base.lproj/Main.storyboard; sourceTree = "<group>"; };
		CE9BC6DA2C1416410047635D /* Assets.xcassets */ = {isa = PBXFileReference; lastKnownFileType = folder.assetcatalog; path = Assets.xcassets; sourceTree = "<group>"; };
		CE9BC6DD2C1416420047635D /* Base */ = {isa = PBXFileReference; lastKnownFileType = file.storyboard; name = Base; path = Base.lproj/LaunchScreen.storyboard; sourceTree = "<group>"; };
		CE9BC6DF2C1416420047635D /* Info.plist */ = {isa = PBXFileReference; lastKnownFileType = text.plist.xml; path = Info.plist; sourceTree = "<group>"; };
		CE9BC6E42C1416420047635D /* coin-list-iosTests.xctest */ = {isa = PBXFileReference; explicitFileType = wrapper.cfbundle; includeInIndex = 0; path = "coin-list-iosTests.xctest"; sourceTree = BUILT_PRODUCTS_DIR; };
		CE9BC6E82C1416420047635D /* coin_list_iosTests.swift */ = {isa = PBXFileReference; lastKnownFileType = sourcecode.swift; path = coin_list_iosTests.swift; sourceTree = "<group>"; };
		CE9BC6EE2C1416420047635D /* coin-list-iosUITests.xctest */ = {isa = PBXFileReference; explicitFileType = wrapper.cfbundle; includeInIndex = 0; path = "coin-list-iosUITests.xctest"; sourceTree = BUILT_PRODUCTS_DIR; };
		CE9BC6F22C1416420047635D /* coin_list_iosUITests.swift */ = {isa = PBXFileReference; lastKnownFileType = sourcecode.swift; path = coin_list_iosUITests.swift; sourceTree = "<group>"; };
		CE9BC6F42C1416420047635D /* coin_list_iosUITestsLaunchTests.swift */ = {isa = PBXFileReference; lastKnownFileType = sourcecode.swift; path = coin_list_iosUITestsLaunchTests.swift; sourceTree = "<group>"; };
		CE9BC7072C14210F0047635D /* CoinListPresenter.swift */ = {isa = PBXFileReference; lastKnownFileType = sourcecode.swift; path = CoinListPresenter.swift; sourceTree = "<group>"; };
		CE9BC7082C14210F0047635D /* CoinListWorker.swift */ = {isa = PBXFileReference; lastKnownFileType = sourcecode.swift; path = CoinListWorker.swift; sourceTree = "<group>"; };
		CE9BC7092C14210F0047635D /* CoinListRouter.swift */ = {isa = PBXFileReference; lastKnownFileType = sourcecode.swift; path = CoinListRouter.swift; sourceTree = "<group>"; };
		CE9BC70A2C14210F0047635D /* CoinListModels.swift */ = {isa = PBXFileReference; lastKnownFileType = sourcecode.swift; path = CoinListModels.swift; sourceTree = "<group>"; };
		CE9BC70B2C14210F0047635D /* CoinListViewController.swift */ = {isa = PBXFileReference; lastKnownFileType = sourcecode.swift; path = CoinListViewController.swift; sourceTree = "<group>"; };
		CE9BC70C2C14210F0047635D /* CoinListInteractor.swift */ = {isa = PBXFileReference; lastKnownFileType = sourcecode.swift; path = CoinListInteractor.swift; sourceTree = "<group>"; };
		CE9BC7132C14251A0047635D /* Coin.swift */ = {isa = PBXFileReference; lastKnownFileType = sourcecode.swift; path = Coin.swift; sourceTree = "<group>"; };
		CE9BC7152C1428E80047635D /* CoinService.swift */ = {isa = PBXFileReference; lastKnownFileType = sourcecode.swift; path = CoinService.swift; sourceTree = "<group>"; };
		CE9BC7172C142D540047635D /* CoinsResponse.swift */ = {isa = PBXFileReference; lastKnownFileType = sourcecode.swift; path = CoinsResponse.swift; sourceTree = "<group>"; };
		CE9BC7192C142E150047635D /* CoinData.swift */ = {isa = PBXFileReference; lastKnownFileType = sourcecode.swift; path = CoinData.swift; sourceTree = "<group>"; };
		CE9BC71B2C142E470047635D /* Stats.swift */ = {isa = PBXFileReference; lastKnownFileType = sourcecode.swift; path = Stats.swift; sourceTree = "<group>"; };
		CE9BC71E2C14537E0047635D /* Debouncer.swift */ = {isa = PBXFileReference; lastKnownFileType = sourcecode.swift; path = Debouncer.swift; sourceTree = "<group>"; };
		CE9BC7212C14573C0047635D /* CoinTableViewCell.swift */ = {isa = PBXFileReference; lastKnownFileType = sourcecode.swift; path = CoinTableViewCell.swift; sourceTree = "<group>"; };
		CE9BC7222C14573C0047635D /* CoinTableViewCell.xib */ = {isa = PBXFileReference; lastKnownFileType = file.xib; path = CoinTableViewCell.xib; sourceTree = "<group>"; };
		CE9BC72A2C1466020047635D /* RankingTableViewCell.swift */ = {isa = PBXFileReference; lastKnownFileType = sourcecode.swift; path = RankingTableViewCell.swift; sourceTree = "<group>"; };
		CE9BC72B2C1466020047635D /* RankingTableViewCell.xib */ = {isa = PBXFileReference; lastKnownFileType = file.xib; path = RankingTableViewCell.xib; sourceTree = "<group>"; };
		CE9BC72E2C1468930047635D /* TitleTableViewCell.swift */ = {isa = PBXFileReference; lastKnownFileType = sourcecode.swift; path = TitleTableViewCell.swift; sourceTree = "<group>"; };
		CE9BC72F2C1468930047635D /* TitleTableViewCell.xib */ = {isa = PBXFileReference; lastKnownFileType = file.xib; path = TitleTableViewCell.xib; sourceTree = "<group>"; };
		CE9BC7332C14B0250047635D /* CoinDetailPresenter.swift */ = {isa = PBXFileReference; lastKnownFileType = sourcecode.swift; path = CoinDetailPresenter.swift; sourceTree = "<group>"; };
		CE9BC7342C14B0250047635D /* CoinDetailWorker.swift */ = {isa = PBXFileReference; lastKnownFileType = sourcecode.swift; path = CoinDetailWorker.swift; sourceTree = "<group>"; };
		CE9BC7352C14B0250047635D /* CoinDetailRouter.swift */ = {isa = PBXFileReference; lastKnownFileType = sourcecode.swift; path = CoinDetailRouter.swift; sourceTree = "<group>"; };
		CE9BC7362C14B0250047635D /* CoinDetailModels.swift */ = {isa = PBXFileReference; lastKnownFileType = sourcecode.swift; path = CoinDetailModels.swift; sourceTree = "<group>"; };
		CE9BC7372C14B0250047635D /* CoinDetailViewController.swift */ = {isa = PBXFileReference; lastKnownFileType = sourcecode.swift; path = CoinDetailViewController.swift; sourceTree = "<group>"; };
		CE9BC7382C14B0250047635D /* CoinDetailInteractor.swift */ = {isa = PBXFileReference; lastKnownFileType = sourcecode.swift; path = CoinDetailInteractor.swift; sourceTree = "<group>"; };
		CE9BC7402C14B06D0047635D /* InviteFriendTableViewCell.swift */ = {isa = PBXFileReference; lastKnownFileType = sourcecode.swift; path = InviteFriendTableViewCell.swift; sourceTree = "<group>"; };
		CE9BC7412C14B06D0047635D /* InviteFriendTableViewCell.xib */ = {isa = PBXFileReference; lastKnownFileType = file.xib; path = InviteFriendTableViewCell.xib; sourceTree = "<group>"; };
		CE9BC7462C14B2C00047635D /* UIView+Layer.swift */ = {isa = PBXFileReference; lastKnownFileType = sourcecode.swift; path = "UIView+Layer.swift"; sourceTree = "<group>"; };
		CE9BC7482C14B42B0047635D /* UIColor+Hex.swift */ = {isa = PBXFileReference; lastKnownFileType = sourcecode.swift; path = "UIColor+Hex.swift"; sourceTree = "<group>"; };
		CE9BC74C2C14C1430047635D /* CoinCollectionViewCell.swift */ = {isa = PBXFileReference; lastKnownFileType = sourcecode.swift; path = CoinCollectionViewCell.swift; sourceTree = "<group>"; };
		CE9BC74D2C14C1430047635D /* CoinCollectionViewCell.xib */ = {isa = PBXFileReference; lastKnownFileType = file.xib; path = CoinCollectionViewCell.xib; sourceTree = "<group>"; };
		CE9BC7512C156BCE0047635D /* CoinDetailHeaderView.swift */ = {isa = PBXFileReference; lastKnownFileType = sourcecode.swift; path = CoinDetailHeaderView.swift; sourceTree = "<group>"; };
		CE9BC7532C15709C0047635D /* CoinDetailHeaderView.xib */ = {isa = PBXFileReference; lastKnownFileType = file.xib; path = CoinDetailHeaderView.xib; sourceTree = "<group>"; };
		CE9BC7552C1581020047635D /* CoinViewModel.swift */ = {isa = PBXFileReference; lastKnownFileType = sourcecode.swift; path = CoinViewModel.swift; sourceTree = "<group>"; };
		CE9BC75A2C1586670047635D /* CoinViewModelFormatter.swift */ = {isa = PBXFileReference; lastKnownFileType = sourcecode.swift; path = CoinViewModelFormatter.swift; sourceTree = "<group>"; };
		CE9BC75C2C1587C40047635D /* CoinDetailViewModel.swift */ = {isa = PBXFileReference; lastKnownFileType = sourcecode.swift; path = CoinDetailViewModel.swift; sourceTree = "<group>"; };
		CE9BC75E2C15883D0047635D /* CoinDetailResponse.swift */ = {isa = PBXFileReference; lastKnownFileType = sourcecode.swift; path = CoinDetailResponse.swift; sourceTree = "<group>"; };
		CE9BC7602C1588550047635D /* CoinDetail.swift */ = {isa = PBXFileReference; lastKnownFileType = sourcecode.swift; path = CoinDetail.swift; sourceTree = "<group>"; };
		CE9BC7622C15887C0047635D /* CoinDetailData.swift */ = {isa = PBXFileReference; lastKnownFileType = sourcecode.swift; path = CoinDetailData.swift; sourceTree = "<group>"; };
		CE9BC7662C15920A0047635D /* UIImageView+SVG.swift */ = {isa = PBXFileReference; lastKnownFileType = sourcecode.swift; path = "UIImageView+SVG.swift"; sourceTree = "<group>"; };
		CE9BC7692C159A140047635D /* AppError.swift */ = {isa = PBXFileReference; lastKnownFileType = sourcecode.swift; path = AppError.swift; sourceTree = "<group>"; };
		CE9BC76B2C159D0B0047635D /* ErrorTableViewCell.swift */ = {isa = PBXFileReference; lastKnownFileType = sourcecode.swift; path = ErrorTableViewCell.swift; sourceTree = "<group>"; };
		CE9BC76C2C159D0B0047635D /* ErrorTableViewCell.xib */ = {isa = PBXFileReference; lastKnownFileType = file.xib; path = ErrorTableViewCell.xib; sourceTree = "<group>"; };
		CE9BC7702C15B2650047635D /* UIView+Animation.swift */ = {isa = PBXFileReference; lastKnownFileType = sourcecode.swift; path = "UIView+Animation.swift"; sourceTree = "<group>"; };
		CE9BC7732C15B58B0047635D /* CustomRefreshControl.swift */ = {isa = PBXFileReference; lastKnownFileType = sourcecode.swift; path = CustomRefreshControl.swift; sourceTree = "<group>"; };
		CE9BC7762C15B5BD0047635D /* LoadMoreFooterView.swift */ = {isa = PBXFileReference; lastKnownFileType = sourcecode.swift; path = LoadMoreFooterView.swift; sourceTree = "<group>"; };
		DB8133416DD8C8C12F3B47EB /* Pods-coin-list-iosTests.debug.xcconfig */ = {isa = PBXFileReference; includeInIndex = 1; lastKnownFileType = text.xcconfig; name = "Pods-coin-list-iosTests.debug.xcconfig"; path = "Target Support Files/Pods-coin-list-iosTests/Pods-coin-list-iosTests.debug.xcconfig"; sourceTree = "<group>"; };
/* End PBXFileReference section */

/* Begin PBXFrameworksBuildPhase section */
		CE9BC6CB2C1416400047635D /* Frameworks */ = {
			isa = PBXFrameworksBuildPhase;
			buildActionMask = 2147483647;
			files = (
				2AC766D1DBED42F51E9BF933 /* Pods_coin_list_ios.framework in Frameworks */,
			);
			runOnlyForDeploymentPostprocessing = 0;
		};
		CE9BC6E12C1416420047635D /* Frameworks */ = {
			isa = PBXFrameworksBuildPhase;
			buildActionMask = 2147483647;
			files = (
				B88D77D54FA761D67CB75890 /* Pods_coin_list_iosTests.framework in Frameworks */,
			);
			runOnlyForDeploymentPostprocessing = 0;
		};
		CE9BC6EB2C1416420047635D /* Frameworks */ = {
			isa = PBXFrameworksBuildPhase;
			buildActionMask = 2147483647;
			files = (
				81C376809CD8C92DA9B6D5BF /* Pods_coin_list_ios_coin_list_iosUITests.framework in Frameworks */,
			);
			runOnlyForDeploymentPostprocessing = 0;
		};
/* End PBXFrameworksBuildPhase section */

/* Begin PBXGroup section */
		BFCA0C582D564DBA668159B3 /* Frameworks */ = {
			isa = PBXGroup;
			children = (
				8E1483675CEF8354C2B1A93B /* Pods_coin_list_ios.framework */,
				C1DA2482A358EE721DF5B396 /* Pods_coin_list_ios_coin_list_iosUITests.framework */,
				47485BF0AF4AF2D6B4A065F5 /* Pods_coin_list_iosTests.framework */,
			);
			name = Frameworks;
			sourceTree = "<group>";
		};
		CE8D71724C5A4DCA7E325F27 /* Pods */ = {
			isa = PBXGroup;
			children = (
				C379016387CE937FC2BAA905 /* Pods-coin-list-ios.debug.xcconfig */,
				B32BBD8893181AEB97E3752A /* Pods-coin-list-ios.release.xcconfig */,
				6D01C135C237541424DA6625 /* Pods-coin-list-ios-coin-list-iosUITests.debug.xcconfig */,
				C4CA5E2B5C0A61966E80542A /* Pods-coin-list-ios-coin-list-iosUITests.release.xcconfig */,
				DB8133416DD8C8C12F3B47EB /* Pods-coin-list-iosTests.debug.xcconfig */,
				2470465CA8620168AF1DB9E1 /* Pods-coin-list-iosTests.release.xcconfig */,
			);
			path = Pods;
			sourceTree = "<group>";
		};
		CE9BC6C52C1416400047635D = {
			isa = PBXGroup;
			children = (
				CE9BC6D02C1416400047635D /* coin-list-ios */,
				CE9BC6E72C1416420047635D /* coin-list-iosTests */,
				CE9BC6F12C1416420047635D /* coin-list-iosUITests */,
				CE9BC6CF2C1416400047635D /* Products */,
				CE8D71724C5A4DCA7E325F27 /* Pods */,
				BFCA0C582D564DBA668159B3 /* Frameworks */,
			);
			sourceTree = "<group>";
		};
		CE9BC6CF2C1416400047635D /* Products */ = {
			isa = PBXGroup;
			children = (
				CE9BC6CE2C1416400047635D /* coin-list-ios.app */,
				CE9BC6E42C1416420047635D /* coin-list-iosTests.xctest */,
				CE9BC6EE2C1416420047635D /* coin-list-iosUITests.xctest */,
			);
			name = Products;
			sourceTree = "<group>";
		};
		CE9BC6D02C1416400047635D /* coin-list-ios */ = {
			isa = PBXGroup;
			children = (
				CE9BC74A2C14BD8A0047635D /* Application */,
				CE9BC7012C141BA00047635D /* Scenes */,
				CE9BC71D2C144E490047635D /* CustomViews */,
				CE9BC7252C1461250047635D /* ViewModels */,
				CE9BC7052C141BD80047635D /* DataModels */,
				CE9BC7042C141BCF0047635D /* Networking */,
				CE9BC7062C141E280047635D /* Utilities */,
				CE9BC6DC2C1416420047635D /* LaunchScreen.storyboard */,
				CE9BC6DF2C1416420047635D /* Info.plist */,
				CE9BC6DA2C1416410047635D /* Assets.xcassets */,
			);
			path = "coin-list-ios";
			sourceTree = "<group>";
		};
		CE9BC6E72C1416420047635D /* coin-list-iosTests */ = {
			isa = PBXGroup;
			children = (
				CE9BC6E82C1416420047635D /* coin_list_iosTests.swift */,
			);
			path = "coin-list-iosTests";
			sourceTree = "<group>";
		};
		CE9BC6F12C1416420047635D /* coin-list-iosUITests */ = {
			isa = PBXGroup;
			children = (
				CE9BC6F22C1416420047635D /* coin_list_iosUITests.swift */,
				CE9BC6F42C1416420047635D /* coin_list_iosUITestsLaunchTests.swift */,
			);
			path = "coin-list-iosUITests";
			sourceTree = "<group>";
		};
		CE9BC7012C141BA00047635D /* Scenes */ = {
			isa = PBXGroup;
			children = (
				CE9BC7022C141BB60047635D /* CoinList */,
				CE9BC7032C141BBD0047635D /* CoinDetail */,
			);
			path = Scenes;
			sourceTree = "<group>";
		};
		CE9BC7022C141BB60047635D /* CoinList */ = {
			isa = PBXGroup;
			children = (
				CE9BC7072C14210F0047635D /* CoinListPresenter.swift */,
				CE9BC7082C14210F0047635D /* CoinListWorker.swift */,
				CE9BC7092C14210F0047635D /* CoinListRouter.swift */,
				CE9BC70A2C14210F0047635D /* CoinListModels.swift */,
				CE9BC70B2C14210F0047635D /* CoinListViewController.swift */,
				CE9BC70C2C14210F0047635D /* CoinListInteractor.swift */,
			);
			path = CoinList;
			sourceTree = "<group>";
		};
		CE9BC7032C141BBD0047635D /* CoinDetail */ = {
			isa = PBXGroup;
			children = (
				CE9BC7332C14B0250047635D /* CoinDetailPresenter.swift */,
				CE9BC7342C14B0250047635D /* CoinDetailWorker.swift */,
				CE9BC7352C14B0250047635D /* CoinDetailRouter.swift */,
				CE9BC7362C14B0250047635D /* CoinDetailModels.swift */,
				CE9BC7372C14B0250047635D /* CoinDetailViewController.swift */,
				CE9BC7382C14B0250047635D /* CoinDetailInteractor.swift */,
			);
			path = CoinDetail;
			sourceTree = "<group>";
		};
		CE9BC7042C141BCF0047635D /* Networking */ = {
			isa = PBXGroup;
			children = (
				CE9BC7152C1428E80047635D /* CoinService.swift */,
			);
			path = Networking;
			sourceTree = "<group>";
		};
		CE9BC7052C141BD80047635D /* DataModels */ = {
			isa = PBXGroup;
			children = (
				CE9BC7682C159A0B0047635D /* AppError */,
				CE9BC7642C158FE60047635D /* Coin */,
				CE9BC7652C158FED0047635D /* CoinDetail */,
			);
			path = DataModels;
			sourceTree = "<group>";
		};
		CE9BC7062C141E280047635D /* Utilities */ = {
			isa = PBXGroup;
			children = (
				CE9BC7592C1586610047635D /* CoinViewModelFormatter */,
				CE9BC7452C14B2570047635D /* Extensions */,
				CE9BC7442C14B24F0047635D /* Debouncer */,
			);
			path = Utilities;
			sourceTree = "<group>";
		};
		CE9BC71D2C144E490047635D /* CustomViews */ = {
			isa = PBXGroup;
			children = (
				CE9BC7792C15B5D80047635D /* UITableViewCell */,
				CE9BC77A2C15B5E10047635D /* UICollectionViewCell */,
				CE9BC7782C15B5D10047635D /* UIView */,
				CE9BC77B2C15B5E90047635D /* UIRefreshControl */,
			);
			path = CustomViews;
			sourceTree = "<group>";
		};
		CE9BC7202C1457160047635D /* CoinTableViewCell */ = {
			isa = PBXGroup;
			children = (
				CE9BC7212C14573C0047635D /* CoinTableViewCell.swift */,
				CE9BC7222C14573C0047635D /* CoinTableViewCell.xib */,
			);
			path = CoinTableViewCell;
			sourceTree = "<group>";
		};
		CE9BC7252C1461250047635D /* ViewModels */ = {
			isa = PBXGroup;
			children = (
				CE9BC7552C1581020047635D /* CoinViewModel.swift */,
				CE9BC75C2C1587C40047635D /* CoinDetailViewModel.swift */,
			);
			path = ViewModels;
			sourceTree = "<group>";
		};
		CE9BC7292C1465ED0047635D /* RankingTableViewCell */ = {
			isa = PBXGroup;
			children = (
				CE9BC72A2C1466020047635D /* RankingTableViewCell.swift */,
				CE9BC72B2C1466020047635D /* RankingTableViewCell.xib */,
			);
			path = RankingTableViewCell;
			sourceTree = "<group>";
		};
		CE9BC7322C1468980047635D /* TitleTableViewCell */ = {
			isa = PBXGroup;
			children = (
				CE9BC72E2C1468930047635D /* TitleTableViewCell.swift */,
				CE9BC72F2C1468930047635D /* TitleTableViewCell.xib */,
			);
			path = TitleTableViewCell;
			sourceTree = "<group>";
		};
		CE9BC73F2C14B0480047635D /* InviteFriendCell */ = {
			isa = PBXGroup;
			children = (
				CE9BC7402C14B06D0047635D /* InviteFriendTableViewCell.swift */,
				CE9BC7412C14B06D0047635D /* InviteFriendTableViewCell.xib */,
			);
			path = InviteFriendCell;
			sourceTree = "<group>";
		};
		CE9BC7442C14B24F0047635D /* Debouncer */ = {
			isa = PBXGroup;
			children = (
				CE9BC71E2C14537E0047635D /* Debouncer.swift */,
			);
			path = Debouncer;
			sourceTree = "<group>";
		};
		CE9BC7452C14B2570047635D /* Extensions */ = {
			isa = PBXGroup;
			children = (
				CE9BC7462C14B2C00047635D /* UIView+Layer.swift */,
				CE9BC7482C14B42B0047635D /* UIColor+Hex.swift */,
				CE9BC7662C15920A0047635D /* UIImageView+SVG.swift */,
				CE9BC7702C15B2650047635D /* UIView+Animation.swift */,
			);
			path = Extensions;
			sourceTree = "<group>";
		};
		CE9BC74A2C14BD8A0047635D /* Application */ = {
			isa = PBXGroup;
			children = (
				CE9BC6D12C1416400047635D /* AppDelegate.swift */,
				CE9BC6D32C1416400047635D /* SceneDelegate.swift */,
				CE9BC6D52C1416400047635D /* LaunchViewController.swift */,
				CE9BC6D72C1416400047635D /* Main.storyboard */,
			);
			path = Application;
			sourceTree = "<group>";
		};
		CE9BC74B2C14C1150047635D /* CoinCollectionCell */ = {
			isa = PBXGroup;
			children = (
				CE9BC74C2C14C1430047635D /* CoinCollectionViewCell.swift */,
				CE9BC74D2C14C1430047635D /* CoinCollectionViewCell.xib */,
			);
			path = CoinCollectionCell;
			sourceTree = "<group>";
		};
		CE9BC7502C156BBD0047635D /* CoinDetailHeaderView */ = {
			isa = PBXGroup;
			children = (
				CE9BC7512C156BCE0047635D /* CoinDetailHeaderView.swift */,
				CE9BC7532C15709C0047635D /* CoinDetailHeaderView.xib */,
			);
			path = CoinDetailHeaderView;
			sourceTree = "<group>";
		};
		CE9BC7592C1586610047635D /* CoinViewModelFormatter */ = {
			isa = PBXGroup;
			children = (
				CE9BC75A2C1586670047635D /* CoinViewModelFormatter.swift */,
			);
			path = CoinViewModelFormatter;
			sourceTree = "<group>";
		};
		CE9BC7642C158FE60047635D /* Coin */ = {
			isa = PBXGroup;
			children = (
				CE9BC7172C142D540047635D /* CoinsResponse.swift */,
				CE9BC7192C142E150047635D /* CoinData.swift */,
				CE9BC71B2C142E470047635D /* Stats.swift */,
				CE9BC7132C14251A0047635D /* Coin.swift */,
			);
			path = Coin;
			sourceTree = "<group>";
		};
		CE9BC7652C158FED0047635D /* CoinDetail */ = {
			isa = PBXGroup;
			children = (
				CE9BC75E2C15883D0047635D /* CoinDetailResponse.swift */,
				CE9BC7622C15887C0047635D /* CoinDetailData.swift */,
				CE9BC7602C1588550047635D /* CoinDetail.swift */,
			);
			path = CoinDetail;
			sourceTree = "<group>";
		};
		CE9BC7682C159A0B0047635D /* AppError */ = {
			isa = PBXGroup;
			children = (
				CE9BC7692C159A140047635D /* AppError.swift */,
			);
			path = AppError;
			sourceTree = "<group>";
		};
		CE9BC76F2C159D100047635D /* ErrorTableViewCell */ = {
			isa = PBXGroup;
			children = (
				CE9BC76B2C159D0B0047635D /* ErrorTableViewCell.swift */,
				CE9BC76C2C159D0B0047635D /* ErrorTableViewCell.xib */,
			);
			path = ErrorTableViewCell;
			sourceTree = "<group>";
		};
		CE9BC7722C15B57A0047635D /* CustomRefreshControl */ = {
			isa = PBXGroup;
			children = (
				CE9BC7732C15B58B0047635D /* CustomRefreshControl.swift */,
			);
			path = CustomRefreshControl;
			sourceTree = "<group>";
		};
		CE9BC7752C15B5A40047635D /* LoadMoreFooterView */ = {
			isa = PBXGroup;
			children = (
				CE9BC7762C15B5BD0047635D /* LoadMoreFooterView.swift */,
			);
			path = LoadMoreFooterView;
			sourceTree = "<group>";
		};
		CE9BC7782C15B5D10047635D /* UIView */ = {
			isa = PBXGroup;
			children = (
				CE9BC7502C156BBD0047635D /* CoinDetailHeaderView */,
				CE9BC7752C15B5A40047635D /* LoadMoreFooterView */,
			);
			path = UIView;
			sourceTree = "<group>";
		};
		CE9BC7792C15B5D80047635D /* UITableViewCell */ = {
			isa = PBXGroup;
			children = (
				CE9BC7322C1468980047635D /* TitleTableViewCell */,
				CE9BC7202C1457160047635D /* CoinTableViewCell */,
				CE9BC73F2C14B0480047635D /* InviteFriendCell */,
				CE9BC7292C1465ED0047635D /* RankingTableViewCell */,
				CE9BC76F2C159D100047635D /* ErrorTableViewCell */,
			);
			path = UITableViewCell;
			sourceTree = "<group>";
		};
		CE9BC77A2C15B5E10047635D /* UICollectionViewCell */ = {
			isa = PBXGroup;
			children = (
				CE9BC74B2C14C1150047635D /* CoinCollectionCell */,
			);
			path = UICollectionViewCell;
			sourceTree = "<group>";
		};
		CE9BC77B2C15B5E90047635D /* UIRefreshControl */ = {
			isa = PBXGroup;
			children = (
				CE9BC7722C15B57A0047635D /* CustomRefreshControl */,
			);
			path = UIRefreshControl;
			sourceTree = "<group>";
		};
/* End PBXGroup section */

/* Begin PBXNativeTarget section */
		CE9BC6CD2C1416400047635D /* coin-list-ios */ = {
			isa = PBXNativeTarget;
			buildConfigurationList = CE9BC6F82C1416420047635D /* Build configuration list for PBXNativeTarget "coin-list-ios" */;
			buildPhases = (
				5951121A1BD939357DEDF90D /* [CP] Check Pods Manifest.lock */,
				CE9BC6CA2C1416400047635D /* Sources */,
				CE9BC6CB2C1416400047635D /* Frameworks */,
				CE9BC6CC2C1416400047635D /* Resources */,
				F0232E397D9CF7227BC0FBF3 /* [CP] Embed Pods Frameworks */,
			);
			buildRules = (
			);
			dependencies = (
			);
			name = "coin-list-ios";
			productName = "coin-list-ios";
			productReference = CE9BC6CE2C1416400047635D /* coin-list-ios.app */;
			productType = "com.apple.product-type.application";
		};
		CE9BC6E32C1416420047635D /* coin-list-iosTests */ = {
			isa = PBXNativeTarget;
			buildConfigurationList = CE9BC6FB2C1416420047635D /* Build configuration list for PBXNativeTarget "coin-list-iosTests" */;
			buildPhases = (
				DFF006C67BA0D08DA172C079 /* [CP] Check Pods Manifest.lock */,
				CE9BC6E02C1416420047635D /* Sources */,
				CE9BC6E12C1416420047635D /* Frameworks */,
				CE9BC6E22C1416420047635D /* Resources */,
			);
			buildRules = (
			);
			dependencies = (
				CE9BC6E62C1416420047635D /* PBXTargetDependency */,
			);
			name = "coin-list-iosTests";
			productName = "coin-list-iosTests";
			productReference = CE9BC6E42C1416420047635D /* coin-list-iosTests.xctest */;
			productType = "com.apple.product-type.bundle.unit-test";
		};
		CE9BC6ED2C1416420047635D /* coin-list-iosUITests */ = {
			isa = PBXNativeTarget;
			buildConfigurationList = CE9BC6FE2C1416420047635D /* Build configuration list for PBXNativeTarget "coin-list-iosUITests" */;
			buildPhases = (
				AC9DA701333CFB4D3FD2BF33 /* [CP] Check Pods Manifest.lock */,
				CE9BC6EA2C1416420047635D /* Sources */,
				CE9BC6EB2C1416420047635D /* Frameworks */,
				CE9BC6EC2C1416420047635D /* Resources */,
				BA636A86D8C8C9CABAB64CD8 /* [CP] Embed Pods Frameworks */,
			);
			buildRules = (
			);
			dependencies = (
				CE9BC6F02C1416420047635D /* PBXTargetDependency */,
			);
			name = "coin-list-iosUITests";
			productName = "coin-list-iosUITests";
			productReference = CE9BC6EE2C1416420047635D /* coin-list-iosUITests.xctest */;
			productType = "com.apple.product-type.bundle.ui-testing";
		};
/* End PBXNativeTarget section */

/* Begin PBXProject section */
		CE9BC6C62C1416400047635D /* Project object */ = {
			isa = PBXProject;
			attributes = {
				BuildIndependentTargetsInParallel = 1;
				LastSwiftUpdateCheck = 1500;
				LastUpgradeCheck = 1500;
				TargetAttributes = {
					CE9BC6CD2C1416400047635D = {
						CreatedOnToolsVersion = 15.0.1;
					};
					CE9BC6E32C1416420047635D = {
						CreatedOnToolsVersion = 15.0.1;
						TestTargetID = CE9BC6CD2C1416400047635D;
					};
					CE9BC6ED2C1416420047635D = {
						CreatedOnToolsVersion = 15.0.1;
						TestTargetID = CE9BC6CD2C1416400047635D;
					};
				};
			};
			buildConfigurationList = CE9BC6C92C1416400047635D /* Build configuration list for PBXProject "coin-list-ios" */;
			compatibilityVersion = "Xcode 14.0";
			developmentRegion = en;
			hasScannedForEncodings = 0;
			knownRegions = (
				en,
				Base,
			);
			mainGroup = CE9BC6C52C1416400047635D;
			productRefGroup = CE9BC6CF2C1416400047635D /* Products */;
			projectDirPath = "";
			projectRoot = "";
			targets = (
				CE9BC6CD2C1416400047635D /* coin-list-ios */,
				CE9BC6E32C1416420047635D /* coin-list-iosTests */,
				CE9BC6ED2C1416420047635D /* coin-list-iosUITests */,
			);
		};
/* End PBXProject section */

/* Begin PBXResourcesBuildPhase section */
		CE9BC6CC2C1416400047635D /* Resources */ = {
			isa = PBXResourcesBuildPhase;
			buildActionMask = 2147483647;
			files = (
				CE9BC76E2C159D0B0047635D /* ErrorTableViewCell.xib in Resources */,
				CE9BC7312C1468930047635D /* TitleTableViewCell.xib in Resources */,
				CE9BC72D2C1466020047635D /* RankingTableViewCell.xib in Resources */,
				CE9BC7432C14B06D0047635D /* InviteFriendTableViewCell.xib in Resources */,
				CE9BC74F2C14C1430047635D /* CoinCollectionViewCell.xib in Resources */,
				CE9BC6DE2C1416420047635D /* LaunchScreen.storyboard in Resources */,
				CE9BC7542C15709C0047635D /* CoinDetailHeaderView.xib in Resources */,
				CE9BC6DB2C1416410047635D /* Assets.xcassets in Resources */,
				CE9BC7242C14573C0047635D /* CoinTableViewCell.xib in Resources */,
				CE9BC6D92C1416400047635D /* Main.storyboard in Resources */,
			);
			runOnlyForDeploymentPostprocessing = 0;
		};
		CE9BC6E22C1416420047635D /* Resources */ = {
			isa = PBXResourcesBuildPhase;
			buildActionMask = 2147483647;
			files = (
			);
			runOnlyForDeploymentPostprocessing = 0;
		};
		CE9BC6EC2C1416420047635D /* Resources */ = {
			isa = PBXResourcesBuildPhase;
			buildActionMask = 2147483647;
			files = (
			);
			runOnlyForDeploymentPostprocessing = 0;
		};
/* End PBXResourcesBuildPhase section */

/* Begin PBXShellScriptBuildPhase section */
		5951121A1BD939357DEDF90D /* [CP] Check Pods Manifest.lock */ = {
			isa = PBXShellScriptBuildPhase;
			buildActionMask = 2147483647;
			files = (
			);
			inputFileListPaths = (
			);
			inputPaths = (
				"${PODS_PODFILE_DIR_PATH}/Podfile.lock",
				"${PODS_ROOT}/Manifest.lock",
			);
			name = "[CP] Check Pods Manifest.lock";
			outputFileListPaths = (
			);
			outputPaths = (
				"$(DERIVED_FILE_DIR)/Pods-coin-list-ios-checkManifestLockResult.txt",
			);
			runOnlyForDeploymentPostprocessing = 0;
			shellPath = /bin/sh;
			shellScript = "diff \"${PODS_PODFILE_DIR_PATH}/Podfile.lock\" \"${PODS_ROOT}/Manifest.lock\" > /dev/null\nif [ $? != 0 ] ; then\n    # print error to STDERR\n    echo \"error: The sandbox is not in sync with the Podfile.lock. Run 'pod install' or update your CocoaPods installation.\" >&2\n    exit 1\nfi\n# This output is used by Xcode 'outputs' to avoid re-running this script phase.\necho \"SUCCESS\" > \"${SCRIPT_OUTPUT_FILE_0}\"\n";
			showEnvVarsInLog = 0;
		};
		AC9DA701333CFB4D3FD2BF33 /* [CP] Check Pods Manifest.lock */ = {
			isa = PBXShellScriptBuildPhase;
			buildActionMask = 2147483647;
			files = (
			);
			inputFileListPaths = (
			);
			inputPaths = (
				"${PODS_PODFILE_DIR_PATH}/Podfile.lock",
				"${PODS_ROOT}/Manifest.lock",
			);
			name = "[CP] Check Pods Manifest.lock";
			outputFileListPaths = (
			);
			outputPaths = (
				"$(DERIVED_FILE_DIR)/Pods-coin-list-ios-coin-list-iosUITests-checkManifestLockResult.txt",
			);
			runOnlyForDeploymentPostprocessing = 0;
			shellPath = /bin/sh;
			shellScript = "diff \"${PODS_PODFILE_DIR_PATH}/Podfile.lock\" \"${PODS_ROOT}/Manifest.lock\" > /dev/null\nif [ $? != 0 ] ; then\n    # print error to STDERR\n    echo \"error: The sandbox is not in sync with the Podfile.lock. Run 'pod install' or update your CocoaPods installation.\" >&2\n    exit 1\nfi\n# This output is used by Xcode 'outputs' to avoid re-running this script phase.\necho \"SUCCESS\" > \"${SCRIPT_OUTPUT_FILE_0}\"\n";
			showEnvVarsInLog = 0;
		};
		BA636A86D8C8C9CABAB64CD8 /* [CP] Embed Pods Frameworks */ = {
			isa = PBXShellScriptBuildPhase;
			buildActionMask = 2147483647;
			files = (
			);
			inputFileListPaths = (
				"${PODS_ROOT}/Target Support Files/Pods-coin-list-ios-coin-list-iosUITests/Pods-coin-list-ios-coin-list-iosUITests-frameworks-${CONFIGURATION}-input-files.xcfilelist",
			);
			name = "[CP] Embed Pods Frameworks";
			outputFileListPaths = (
				"${PODS_ROOT}/Target Support Files/Pods-coin-list-ios-coin-list-iosUITests/Pods-coin-list-ios-coin-list-iosUITests-frameworks-${CONFIGURATION}-output-files.xcfilelist",
			);
			runOnlyForDeploymentPostprocessing = 0;
			shellPath = /bin/sh;
			shellScript = "\"${PODS_ROOT}/Target Support Files/Pods-coin-list-ios-coin-list-iosUITests/Pods-coin-list-ios-coin-list-iosUITests-frameworks.sh\"\n";
			showEnvVarsInLog = 0;
		};
		DFF006C67BA0D08DA172C079 /* [CP] Check Pods Manifest.lock */ = {
			isa = PBXShellScriptBuildPhase;
			buildActionMask = 2147483647;
			files = (
			);
			inputFileListPaths = (
			);
			inputPaths = (
				"${PODS_PODFILE_DIR_PATH}/Podfile.lock",
				"${PODS_ROOT}/Manifest.lock",
			);
			name = "[CP] Check Pods Manifest.lock";
			outputFileListPaths = (
			);
			outputPaths = (
				"$(DERIVED_FILE_DIR)/Pods-coin-list-iosTests-checkManifestLockResult.txt",
			);
			runOnlyForDeploymentPostprocessing = 0;
			shellPath = /bin/sh;
			shellScript = "diff \"${PODS_PODFILE_DIR_PATH}/Podfile.lock\" \"${PODS_ROOT}/Manifest.lock\" > /dev/null\nif [ $? != 0 ] ; then\n    # print error to STDERR\n    echo \"error: The sandbox is not in sync with the Podfile.lock. Run 'pod install' or update your CocoaPods installation.\" >&2\n    exit 1\nfi\n# This output is used by Xcode 'outputs' to avoid re-running this script phase.\necho \"SUCCESS\" > \"${SCRIPT_OUTPUT_FILE_0}\"\n";
			showEnvVarsInLog = 0;
		};
		F0232E397D9CF7227BC0FBF3 /* [CP] Embed Pods Frameworks */ = {
			isa = PBXShellScriptBuildPhase;
			buildActionMask = 2147483647;
			files = (
			);
			inputFileListPaths = (
				"${PODS_ROOT}/Target Support Files/Pods-coin-list-ios/Pods-coin-list-ios-frameworks-${CONFIGURATION}-input-files.xcfilelist",
			);
			name = "[CP] Embed Pods Frameworks";
			outputFileListPaths = (
				"${PODS_ROOT}/Target Support Files/Pods-coin-list-ios/Pods-coin-list-ios-frameworks-${CONFIGURATION}-output-files.xcfilelist",
			);
			runOnlyForDeploymentPostprocessing = 0;
			shellPath = /bin/sh;
			shellScript = "\"${PODS_ROOT}/Target Support Files/Pods-coin-list-ios/Pods-coin-list-ios-frameworks.sh\"\n";
			showEnvVarsInLog = 0;
		};
/* End PBXShellScriptBuildPhase section */

/* Begin PBXSourcesBuildPhase section */
		CE9BC6CA2C1416400047635D /* Sources */ = {
			isa = PBXSourcesBuildPhase;
			buildActionMask = 2147483647;
			files = (
				CE9BC71A2C142E150047635D /* CoinData.swift in Sources */,
				CE9BC7122C14210F0047635D /* CoinListInteractor.swift in Sources */,
				CE9BC76D2C159D0B0047635D /* ErrorTableViewCell.swift in Sources */,
				CE9BC7422C14B06D0047635D /* InviteFriendTableViewCell.swift in Sources */,
				CE9BC75F2C15883D0047635D /* CoinDetailResponse.swift in Sources */,
				CE9BC74E2C14C1430047635D /* CoinCollectionViewCell.swift in Sources */,
				CE9BC7492C14B42B0047635D /* UIColor+Hex.swift in Sources */,
				CE9BC75D2C1587C40047635D /* CoinDetailViewModel.swift in Sources */,
				CE9BC7182C142D540047635D /* CoinsResponse.swift in Sources */,
				CE9BC72C2C1466020047635D /* RankingTableViewCell.swift in Sources */,
				CE9BC7522C156BCE0047635D /* CoinDetailHeaderView.swift in Sources */,
				CE9BC71C2C142E470047635D /* Stats.swift in Sources */,
				CE9BC7612C1588550047635D /* CoinDetail.swift in Sources */,
				CE9BC6D62C1416400047635D /* LaunchViewController.swift in Sources */,
				CE9BC70E2C14210F0047635D /* CoinListWorker.swift in Sources */,
				CE9BC73A2C14B0250047635D /* CoinDetailWorker.swift in Sources */,
				CE9BC6D22C1416400047635D /* AppDelegate.swift in Sources */,
				CE9BC7112C14210F0047635D /* CoinListViewController.swift in Sources */,
				CE9BC76A2C159A140047635D /* AppError.swift in Sources */,
				CE9BC71F2C14537E0047635D /* Debouncer.swift in Sources */,
				CE9BC7562C1581020047635D /* CoinViewModel.swift in Sources */,
				CE9BC70F2C14210F0047635D /* CoinListRouter.swift in Sources */,
				CE9BC6D42C1416400047635D /* SceneDelegate.swift in Sources */,
				CE9BC75B2C1586670047635D /* CoinViewModelFormatter.swift in Sources */,
				CE9BC7742C15B58B0047635D /* CustomRefreshControl.swift in Sources */,
				CE9BC70D2C14210F0047635D /* CoinListPresenter.swift in Sources */,
				CE9BC7672C15920A0047635D /* UIImageView+SVG.swift in Sources */,
				CE9BC7772C15B5BD0047635D /* LoadMoreFooterView.swift in Sources */,
				CE9BC73B2C14B0250047635D /* CoinDetailRouter.swift in Sources */,
				CE9BC7142C14251A0047635D /* Coin.swift in Sources */,
				CE9BC7632C15887C0047635D /* CoinDetailData.swift in Sources */,
				CE9BC7712C15B2650047635D /* UIView+Animation.swift in Sources */,
				CE9BC7102C14210F0047635D /* CoinListModels.swift in Sources */,
				CE9BC7472C14B2C00047635D /* UIView+Layer.swift in Sources */,
				CE9BC7232C14573C0047635D /* CoinTableViewCell.swift in Sources */,
				CE9BC7302C1468930047635D /* TitleTableViewCell.swift in Sources */,
				CE9BC7162C1428E80047635D /* CoinService.swift in Sources */,
				CE9BC73E2C14B0250047635D /* CoinDetailInteractor.swift in Sources */,
				CE9BC7392C14B0250047635D /* CoinDetailPresenter.swift in Sources */,
				CE9BC73D2C14B0250047635D /* CoinDetailViewController.swift in Sources */,
				CE9BC73C2C14B0250047635D /* CoinDetailModels.swift in Sources */,
			);
			runOnlyForDeploymentPostprocessing = 0;
		};
		CE9BC6E02C1416420047635D /* Sources */ = {
			isa = PBXSourcesBuildPhase;
			buildActionMask = 2147483647;
			files = (
				CE9BC6E92C1416420047635D /* coin_list_iosTests.swift in Sources */,
			);
			runOnlyForDeploymentPostprocessing = 0;
		};
		CE9BC6EA2C1416420047635D /* Sources */ = {
			isa = PBXSourcesBuildPhase;
			buildActionMask = 2147483647;
			files = (
				CE9BC6F32C1416420047635D /* coin_list_iosUITests.swift in Sources */,
				CE9BC6F52C1416420047635D /* coin_list_iosUITestsLaunchTests.swift in Sources */,
			);
			runOnlyForDeploymentPostprocessing = 0;
		};
/* End PBXSourcesBuildPhase section */

/* Begin PBXTargetDependency section */
		CE9BC6E62C1416420047635D /* PBXTargetDependency */ = {
			isa = PBXTargetDependency;
			target = CE9BC6CD2C1416400047635D /* coin-list-ios */;
			targetProxy = CE9BC6E52C1416420047635D /* PBXContainerItemProxy */;
		};
		CE9BC6F02C1416420047635D /* PBXTargetDependency */ = {
			isa = PBXTargetDependency;
			target = CE9BC6CD2C1416400047635D /* coin-list-ios */;
			targetProxy = CE9BC6EF2C1416420047635D /* PBXContainerItemProxy */;
		};
/* End PBXTargetDependency section */

/* Begin PBXVariantGroup section */
		CE9BC6D72C1416400047635D /* Main.storyboard */ = {
			isa = PBXVariantGroup;
			children = (
				CE9BC6D82C1416400047635D /* Base */,
			);
			name = Main.storyboard;
			sourceTree = "<group>";
		};
		CE9BC6DC2C1416420047635D /* LaunchScreen.storyboard */ = {
			isa = PBXVariantGroup;
			children = (
				CE9BC6DD2C1416420047635D /* Base */,
			);
			name = LaunchScreen.storyboard;
			sourceTree = "<group>";
		};
/* End PBXVariantGroup section */

/* Begin XCBuildConfiguration section */
		CE9BC6F62C1416420047635D /* Debug */ = {
			isa = XCBuildConfiguration;
			buildSettings = {
				ALWAYS_SEARCH_USER_PATHS = NO;
				ASSETCATALOG_COMPILER_GENERATE_SWIFT_ASSET_SYMBOL_EXTENSIONS = YES;
				CLANG_ANALYZER_NONNULL = YES;
				CLANG_ANALYZER_NUMBER_OBJECT_CONVERSION = YES_AGGRESSIVE;
				CLANG_CXX_LANGUAGE_STANDARD = "gnu++20";
				CLANG_ENABLE_MODULES = YES;
				CLANG_ENABLE_OBJC_ARC = YES;
				CLANG_ENABLE_OBJC_WEAK = YES;
				CLANG_WARN_BLOCK_CAPTURE_AUTORELEASING = YES;
				CLANG_WARN_BOOL_CONVERSION = YES;
				CLANG_WARN_COMMA = YES;
				CLANG_WARN_CONSTANT_CONVERSION = YES;
				CLANG_WARN_DEPRECATED_OBJC_IMPLEMENTATIONS = YES;
				CLANG_WARN_DIRECT_OBJC_ISA_USAGE = YES_ERROR;
				CLANG_WARN_DOCUMENTATION_COMMENTS = YES;
				CLANG_WARN_EMPTY_BODY = YES;
				CLANG_WARN_ENUM_CONVERSION = YES;
				CLANG_WARN_INFINITE_RECURSION = YES;
				CLANG_WARN_INT_CONVERSION = YES;
				CLANG_WARN_NON_LITERAL_NULL_CONVERSION = YES;
				CLANG_WARN_OBJC_IMPLICIT_RETAIN_SELF = YES;
				CLANG_WARN_OBJC_LITERAL_CONVERSION = YES;
				CLANG_WARN_OBJC_ROOT_CLASS = YES_ERROR;
				CLANG_WARN_QUOTED_INCLUDE_IN_FRAMEWORK_HEADER = YES;
				CLANG_WARN_RANGE_LOOP_ANALYSIS = YES;
				CLANG_WARN_STRICT_PROTOTYPES = YES;
				CLANG_WARN_SUSPICIOUS_MOVE = YES;
				CLANG_WARN_UNGUARDED_AVAILABILITY = YES_AGGRESSIVE;
				CLANG_WARN_UNREACHABLE_CODE = YES;
				CLANG_WARN__DUPLICATE_METHOD_MATCH = YES;
				COPY_PHASE_STRIP = NO;
				DEBUG_INFORMATION_FORMAT = dwarf;
				ENABLE_STRICT_OBJC_MSGSEND = YES;
				ENABLE_TESTABILITY = YES;
				ENABLE_USER_SCRIPT_SANDBOXING = NO;
				GCC_C_LANGUAGE_STANDARD = gnu17;
				GCC_DYNAMIC_NO_PIC = NO;
				GCC_NO_COMMON_BLOCKS = YES;
				GCC_OPTIMIZATION_LEVEL = 0;
				GCC_PREPROCESSOR_DEFINITIONS = (
					"DEBUG=1",
					"$(inherited)",
				);
				GCC_WARN_64_TO_32_BIT_CONVERSION = YES;
				GCC_WARN_ABOUT_RETURN_TYPE = YES_ERROR;
				GCC_WARN_UNDECLARED_SELECTOR = YES;
				GCC_WARN_UNINITIALIZED_AUTOS = YES_AGGRESSIVE;
				GCC_WARN_UNUSED_FUNCTION = YES;
				GCC_WARN_UNUSED_VARIABLE = YES;
				IPHONEOS_DEPLOYMENT_TARGET = 17.0;
				LOCALIZATION_PREFERS_STRING_CATALOGS = YES;
				MTL_ENABLE_DEBUG_INFO = INCLUDE_SOURCE;
				MTL_FAST_MATH = YES;
				ONLY_ACTIVE_ARCH = YES;
				SDKROOT = iphoneos;
				SWIFT_ACTIVE_COMPILATION_CONDITIONS = "DEBUG $(inherited)";
				SWIFT_OPTIMIZATION_LEVEL = "-Onone";
			};
			name = Debug;
		};
		CE9BC6F72C1416420047635D /* Release */ = {
			isa = XCBuildConfiguration;
			buildSettings = {
				ALWAYS_SEARCH_USER_PATHS = NO;
				ASSETCATALOG_COMPILER_GENERATE_SWIFT_ASSET_SYMBOL_EXTENSIONS = YES;
				CLANG_ANALYZER_NONNULL = YES;
				CLANG_ANALYZER_NUMBER_OBJECT_CONVERSION = YES_AGGRESSIVE;
				CLANG_CXX_LANGUAGE_STANDARD = "gnu++20";
				CLANG_ENABLE_MODULES = YES;
				CLANG_ENABLE_OBJC_ARC = YES;
				CLANG_ENABLE_OBJC_WEAK = YES;
				CLANG_WARN_BLOCK_CAPTURE_AUTORELEASING = YES;
				CLANG_WARN_BOOL_CONVERSION = YES;
				CLANG_WARN_COMMA = YES;
				CLANG_WARN_CONSTANT_CONVERSION = YES;
				CLANG_WARN_DEPRECATED_OBJC_IMPLEMENTATIONS = YES;
				CLANG_WARN_DIRECT_OBJC_ISA_USAGE = YES_ERROR;
				CLANG_WARN_DOCUMENTATION_COMMENTS = YES;
				CLANG_WARN_EMPTY_BODY = YES;
				CLANG_WARN_ENUM_CONVERSION = YES;
				CLANG_WARN_INFINITE_RECURSION = YES;
				CLANG_WARN_INT_CONVERSION = YES;
				CLANG_WARN_NON_LITERAL_NULL_CONVERSION = YES;
				CLANG_WARN_OBJC_IMPLICIT_RETAIN_SELF = YES;
				CLANG_WARN_OBJC_LITERAL_CONVERSION = YES;
				CLANG_WARN_OBJC_ROOT_CLASS = YES_ERROR;
				CLANG_WARN_QUOTED_INCLUDE_IN_FRAMEWORK_HEADER = YES;
				CLANG_WARN_RANGE_LOOP_ANALYSIS = YES;
				CLANG_WARN_STRICT_PROTOTYPES = YES;
				CLANG_WARN_SUSPICIOUS_MOVE = YES;
				CLANG_WARN_UNGUARDED_AVAILABILITY = YES_AGGRESSIVE;
				CLANG_WARN_UNREACHABLE_CODE = YES;
				CLANG_WARN__DUPLICATE_METHOD_MATCH = YES;
				COPY_PHASE_STRIP = NO;
				DEBUG_INFORMATION_FORMAT = "dwarf-with-dsym";
				ENABLE_NS_ASSERTIONS = NO;
				ENABLE_STRICT_OBJC_MSGSEND = YES;
				ENABLE_USER_SCRIPT_SANDBOXING = NO;
				GCC_C_LANGUAGE_STANDARD = gnu17;
				GCC_NO_COMMON_BLOCKS = YES;
				GCC_WARN_64_TO_32_BIT_CONVERSION = YES;
				GCC_WARN_ABOUT_RETURN_TYPE = YES_ERROR;
				GCC_WARN_UNDECLARED_SELECTOR = YES;
				GCC_WARN_UNINITIALIZED_AUTOS = YES_AGGRESSIVE;
				GCC_WARN_UNUSED_FUNCTION = YES;
				GCC_WARN_UNUSED_VARIABLE = YES;
				IPHONEOS_DEPLOYMENT_TARGET = 17.0;
				LOCALIZATION_PREFERS_STRING_CATALOGS = YES;
				MTL_ENABLE_DEBUG_INFO = NO;
				MTL_FAST_MATH = YES;
				SDKROOT = iphoneos;
				SWIFT_COMPILATION_MODE = wholemodule;
				VALIDATE_PRODUCT = YES;
			};
			name = Release;
		};
		CE9BC6F92C1416420047635D /* Debug */ = {
			isa = XCBuildConfiguration;
			baseConfigurationReference = C379016387CE937FC2BAA905 /* Pods-coin-list-ios.debug.xcconfig */;
			buildSettings = {
				ASSETCATALOG_COMPILER_APPICON_NAME = AppIcon;
				ASSETCATALOG_COMPILER_GLOBAL_ACCENT_COLOR_NAME = AccentColor;
				"CODE_SIGN_IDENTITY[sdk=iphoneos*]" = "iPhone Developer";
				CODE_SIGN_STYLE = Manual;
				CURRENT_PROJECT_VERSION = 1;
				DEVELOPMENT_TEAM = "";
				"DEVELOPMENT_TEAM[sdk=iphoneos*]" = Q72VF93B33;
				ENABLE_USER_SCRIPT_SANDBOXING = NO;
				GENERATE_INFOPLIST_FILE = YES;
				INFOPLIST_FILE = "coin-list-ios/Info.plist";
				INFOPLIST_KEY_CFBundleDisplayName = miniCryto;
				INFOPLIST_KEY_UIApplicationSupportsIndirectInputEvents = YES;
				INFOPLIST_KEY_UILaunchStoryboardName = LaunchScreen;
				INFOPLIST_KEY_UIMainStoryboardFile = Main;
				INFOPLIST_KEY_UISupportedInterfaceOrientations = "UIInterfaceOrientationPortrait UIInterfaceOrientationPortraitUpsideDown";
				INFOPLIST_KEY_UISupportedInterfaceOrientations_iPad = UIInterfaceOrientationPortrait;
				INFOPLIST_KEY_UIUserInterfaceStyle = Light;
				IPHONEOS_DEPLOYMENT_TARGET = 15.0;
				LD_RUNPATH_SEARCH_PATHS = (
					"$(inherited)",
					"@executable_path/Frameworks",
				);
				MARKETING_VERSION = 1.0;
				PRODUCT_BUNDLE_IDENTIFIER = "com.tnps.coin-list-ios";
				PRODUCT_NAME = "$(TARGET_NAME)";
				PROVISIONING_PROFILE_SPECIFIER = "";
				"PROVISIONING_PROFILE_SPECIFIER[sdk=iphoneos*]" = "Profile_ Development_2023_10_02";
				SUPPORTED_PLATFORMS = "iphoneos iphonesimulator";
				SUPPORTS_MACCATALYST = NO;
				SUPPORTS_MAC_DESIGNED_FOR_IPHONE_IPAD = NO;
				SWIFT_EMIT_LOC_STRINGS = YES;
				SWIFT_VERSION = 5.0;
				TARGETED_DEVICE_FAMILY = 1;
			};
			name = Debug;
		};
		CE9BC6FA2C1416420047635D /* Release */ = {
			isa = XCBuildConfiguration;
			baseConfigurationReference = B32BBD8893181AEB97E3752A /* Pods-coin-list-ios.release.xcconfig */;
			buildSettings = {
				ASSETCATALOG_COMPILER_APPICON_NAME = AppIcon;
				ASSETCATALOG_COMPILER_GLOBAL_ACCENT_COLOR_NAME = AccentColor;
				"CODE_SIGN_IDENTITY[sdk=iphoneos*]" = "iPhone Developer";
				CODE_SIGN_STYLE = Manual;
				CURRENT_PROJECT_VERSION = 1;
				DEVELOPMENT_TEAM = "";
				"DEVELOPMENT_TEAM[sdk=iphoneos*]" = Q72VF93B33;
				ENABLE_USER_SCRIPT_SANDBOXING = NO;
				GENERATE_INFOPLIST_FILE = YES;
				INFOPLIST_FILE = "coin-list-ios/Info.plist";
				INFOPLIST_KEY_CFBundleDisplayName = miniCryto;
				INFOPLIST_KEY_UIApplicationSupportsIndirectInputEvents = YES;
				INFOPLIST_KEY_UILaunchStoryboardName = LaunchScreen;
				INFOPLIST_KEY_UIMainStoryboardFile = Main;
				INFOPLIST_KEY_UISupportedInterfaceOrientations = "UIInterfaceOrientationPortrait UIInterfaceOrientationPortraitUpsideDown";
				INFOPLIST_KEY_UISupportedInterfaceOrientations_iPad = UIInterfaceOrientationPortrait;
				INFOPLIST_KEY_UIUserInterfaceStyle = Light;
				IPHONEOS_DEPLOYMENT_TARGET = 15.0;
				LD_RUNPATH_SEARCH_PATHS = (
					"$(inherited)",
					"@executable_path/Frameworks",
				);
				MARKETING_VERSION = 1.0;
				PRODUCT_BUNDLE_IDENTIFIER = "com.tnps.coin-list-ios";
				PRODUCT_NAME = "$(TARGET_NAME)";
				PROVISIONING_PROFILE_SPECIFIER = "";
				"PROVISIONING_PROFILE_SPECIFIER[sdk=iphoneos*]" = "Profile_ Development_2023_10_02";
				SUPPORTED_PLATFORMS = "iphoneos iphonesimulator";
				SUPPORTS_MACCATALYST = NO;
				SUPPORTS_MAC_DESIGNED_FOR_IPHONE_IPAD = NO;
				SWIFT_EMIT_LOC_STRINGS = YES;
				SWIFT_VERSION = 5.0;
				TARGETED_DEVICE_FAMILY = 1;
			};
			name = Release;
		};
		CE9BC6FC2C1416420047635D /* Debug */ = {
			isa = XCBuildConfiguration;
			baseConfigurationReference = DB8133416DD8C8C12F3B47EB /* Pods-coin-list-iosTests.debug.xcconfig */;
			buildSettings = {
				ALWAYS_EMBED_SWIFT_STANDARD_LIBRARIES = YES;
				BUNDLE_LOADER = "$(TEST_HOST)";
				CODE_SIGN_STYLE = Automatic;
				CURRENT_PROJECT_VERSION = 1;
				ENABLE_USER_SCRIPT_SANDBOXING = NO;
				GENERATE_INFOPLIST_FILE = YES;
				IPHONEOS_DEPLOYMENT_TARGET = 15.0;
				MARKETING_VERSION = 1.0;
				PRODUCT_BUNDLE_IDENTIFIER = "com.tnps.coin-list-iosTests";
				PRODUCT_NAME = "$(TARGET_NAME)";
				SWIFT_EMIT_LOC_STRINGS = NO;
				SWIFT_VERSION = 5.0;
				TARGETED_DEVICE_FAMILY = "1,2";
				TEST_HOST = "$(BUILT_PRODUCTS_DIR)/coin-list-ios.app/$(BUNDLE_EXECUTABLE_FOLDER_PATH)/coin-list-ios";
			};
			name = Debug;
		};
		CE9BC6FD2C1416420047635D /* Release */ = {
			isa = XCBuildConfiguration;
			baseConfigurationReference = 2470465CA8620168AF1DB9E1 /* Pods-coin-list-iosTests.release.xcconfig */;
			buildSettings = {
				ALWAYS_EMBED_SWIFT_STANDARD_LIBRARIES = YES;
				BUNDLE_LOADER = "$(TEST_HOST)";
				CODE_SIGN_STYLE = Automatic;
				CURRENT_PROJECT_VERSION = 1;
				ENABLE_USER_SCRIPT_SANDBOXING = NO;
				GENERATE_INFOPLIST_FILE = YES;
				IPHONEOS_DEPLOYMENT_TARGET = 15.0;
				MARKETING_VERSION = 1.0;
				PRODUCT_BUNDLE_IDENTIFIER = "com.tnps.coin-list-iosTests";
				PRODUCT_NAME = "$(TARGET_NAME)";
				SWIFT_EMIT_LOC_STRINGS = NO;
				SWIFT_VERSION = 5.0;
				TARGETED_DEVICE_FAMILY = "1,2";
				TEST_HOST = "$(BUILT_PRODUCTS_DIR)/coin-list-ios.app/$(BUNDLE_EXECUTABLE_FOLDER_PATH)/coin-list-ios";
			};
			name = Release;
		};
		CE9BC6FF2C1416420047635D /* Debug */ = {
			isa = XCBuildConfiguration;
			baseConfigurationReference = 6D01C135C237541424DA6625 /* Pods-coin-list-ios-coin-list-iosUITests.debug.xcconfig */;
			buildSettings = {
				ALWAYS_EMBED_SWIFT_STANDARD_LIBRARIES = YES;
				CODE_SIGN_STYLE = Automatic;
				CURRENT_PROJECT_VERSION = 1;
				ENABLE_USER_SCRIPT_SANDBOXING = NO;
				GENERATE_INFOPLIST_FILE = YES;
				IPHONEOS_DEPLOYMENT_TARGET = 15.0;
				MARKETING_VERSION = 1.0;
				PRODUCT_BUNDLE_IDENTIFIER = "com.tnps.coin-list-iosUITests";
				PRODUCT_NAME = "$(TARGET_NAME)";
				SWIFT_EMIT_LOC_STRINGS = NO;
				SWIFT_VERSION = 5.0;
				TARGETED_DEVICE_FAMILY = "1,2";
				TEST_TARGET_NAME = "coin-list-ios";
			};
			name = Debug;
		};
		CE9BC7002C1416420047635D /* Release */ = {
			isa = XCBuildConfiguration;
			baseConfigurationReference = C4CA5E2B5C0A61966E80542A /* Pods-coin-list-ios-coin-list-iosUITests.release.xcconfig */;
			buildSettings = {
				ALWAYS_EMBED_SWIFT_STANDARD_LIBRARIES = YES;
				CODE_SIGN_STYLE = Automatic;
				CURRENT_PROJECT_VERSION = 1;
				ENABLE_USER_SCRIPT_SANDBOXING = NO;
				GENERATE_INFOPLIST_FILE = YES;
				IPHONEOS_DEPLOYMENT_TARGET = 15.0;
				MARKETING_VERSION = 1.0;
				PRODUCT_BUNDLE_IDENTIFIER = "com.tnps.coin-list-iosUITests";
				PRODUCT_NAME = "$(TARGET_NAME)";
				SWIFT_EMIT_LOC_STRINGS = NO;
				SWIFT_VERSION = 5.0;
				TARGETED_DEVICE_FAMILY = "1,2";
				TEST_TARGET_NAME = "coin-list-ios";
			};
			name = Release;
		};
/* End XCBuildConfiguration section */

/* Begin XCConfigurationList section */
		CE9BC6C92C1416400047635D /* Build configuration list for PBXProject "coin-list-ios" */ = {
			isa = XCConfigurationList;
			buildConfigurations = (
				CE9BC6F62C1416420047635D /* Debug */,
				CE9BC6F72C1416420047635D /* Release */,
			);
			defaultConfigurationIsVisible = 0;
			defaultConfigurationName = Release;
		};
		CE9BC6F82C1416420047635D /* Build configuration list for PBXNativeTarget "coin-list-ios" */ = {
			isa = XCConfigurationList;
			buildConfigurations = (
				CE9BC6F92C1416420047635D /* Debug */,
				CE9BC6FA2C1416420047635D /* Release */,
			);
			defaultConfigurationIsVisible = 0;
			defaultConfigurationName = Release;
		};
		CE9BC6FB2C1416420047635D /* Build configuration list for PBXNativeTarget "coin-list-iosTests" */ = {
			isa = XCConfigurationList;
			buildConfigurations = (
				CE9BC6FC2C1416420047635D /* Debug */,
				CE9BC6FD2C1416420047635D /* Release */,
			);
			defaultConfigurationIsVisible = 0;
			defaultConfigurationName = Release;
		};
		CE9BC6FE2C1416420047635D /* Build configuration list for PBXNativeTarget "coin-list-iosUITests" */ = {
			isa = XCConfigurationList;
			buildConfigurations = (
				CE9BC6FF2C1416420047635D /* Debug */,
				CE9BC7002C1416420047635D /* Release */,
			);
			defaultConfigurationIsVisible = 0;
			defaultConfigurationName = Release;
		};
/* End XCConfigurationList section */
	};
	rootObject = CE9BC6C62C1416400047635D /* Project object */;
}
